// !$*UTF8*$!
{
	archiveVersion = 1;
	classes = {
	};
	objectVersion = 46;
	objects = {

/* Begin PBXAggregateTarget section */
		69B9AE871373631F0017EC40 /* IPA */ = {
			isa = PBXAggregateTarget;
			buildConfigurationList = 69B9AE8A1373631F0017EC40 /* Build configuration list for PBXAggregateTarget "IPA" */;
			buildPhases = (
				69B9AE8F137366C20017EC40 /* ShellScript */,
			);
			dependencies = (
				69B9AE8D137363D30017EC40 /* PBXTargetDependency */,
			);
			name = IPA;
			productName = IPA;
		};
/* End PBXAggregateTarget section */

/* Begin PBXBuildFile section */
		4850834C149FE81B00DD2F2D /* btn_vic_postcard@2x.png in Resources */ = {isa = PBXBuildFile; fileRef = 48508348149FE81B00DD2F2D /* btn_vic_postcard@2x.png */; };
		4850834D149FE81B00DD2F2D /* btn_vic_home@2x.png in Resources */ = {isa = PBXBuildFile; fileRef = 48508349149FE81B00DD2F2D /* btn_vic_home@2x.png */; };
		4850834E149FE81B00DD2F2D /* btn_vic_home.png in Resources */ = {isa = PBXBuildFile; fileRef = 4850834A149FE81B00DD2F2D /* btn_vic_home.png */; };
		4850834F149FE81B00DD2F2D /* btn_vic_postcard.png in Resources */ = {isa = PBXBuildFile; fileRef = 4850834B149FE81B00DD2F2D /* btn_vic_postcard.png */; };
		4871DCF3148ED87F008D83BB /* bottom_button_ipad.png in Resources */ = {isa = PBXBuildFile; fileRef = 4871DCEA148ED87F008D83BB /* bottom_button_ipad.png */; };
		4871DCF4148ED87F008D83BB /* bottom_button_iphone.png in Resources */ = {isa = PBXBuildFile; fileRef = 4871DCEB148ED87F008D83BB /* bottom_button_iphone.png */; };
		4871DCF5148ED87F008D83BB /* Default-Landscape~ipad.png in Resources */ = {isa = PBXBuildFile; fileRef = 4871DCEC148ED87F008D83BB /* Default-Landscape~ipad.png */; };
		4871DCF6148ED87F008D83BB /* Default-Portrait~ipad.png in Resources */ = {isa = PBXBuildFile; fileRef = 4871DCED148ED87F008D83BB /* Default-Portrait~ipad.png */; };
		4871DCF7148ED87F008D83BB /* Default.png in Resources */ = {isa = PBXBuildFile; fileRef = 4871DCEE148ED87F008D83BB /* Default.png */; };
		4871DCF8148ED87F008D83BB /* Default@2x.png in Resources */ = {isa = PBXBuildFile; fileRef = 4871DCEF148ED87F008D83BB /* Default@2x.png */; };
		4871DCF9148ED87F008D83BB /* Icon_57.png in Resources */ = {isa = PBXBuildFile; fileRef = 4871DCF0148ED87F008D83BB /* Icon_57.png */; };
		4871DCFA148ED87F008D83BB /* Icon_72.png in Resources */ = {isa = PBXBuildFile; fileRef = 4871DCF1148ED87F008D83BB /* Icon_72.png */; };
		4871DCFB148ED87F008D83BB /* Icon_114.png in Resources */ = {isa = PBXBuildFile; fileRef = 4871DCF2148ED87F008D83BB /* Icon_114.png */; };
		4871DD02148ED896008D83BB /* ipad_bg.png in Resources */ = {isa = PBXBuildFile; fileRef = 4871DCFC148ED896008D83BB /* ipad_bg.png */; };
		4871DD03148ED896008D83BB /* ipad_loading.png in Resources */ = {isa = PBXBuildFile; fileRef = 4871DCFD148ED896008D83BB /* ipad_loading.png */; };
		4871DD04148ED896008D83BB /* ipad_screen.png in Resources */ = {isa = PBXBuildFile; fileRef = 4871DCFE148ED896008D83BB /* ipad_screen.png */; };
		4871DD05148ED896008D83BB /* iphone_bg.png in Resources */ = {isa = PBXBuildFile; fileRef = 4871DCFF148ED896008D83BB /* iphone_bg.png */; };
		4871DD06148ED896008D83BB /* iphone_loading.png in Resources */ = {isa = PBXBuildFile; fileRef = 4871DD00148ED896008D83BB /* iphone_loading.png */; };
		4871DD07148ED896008D83BB /* iphone_screen.png in Resources */ = {isa = PBXBuildFile; fileRef = 4871DD01148ED896008D83BB /* iphone_screen.png */; };
		4871DD2E148EE09D008D83BB /* ASIAuthenticationDialog.m in Sources */ = {isa = PBXBuildFile; fileRef = 4871DD0A148EE09D008D83BB /* ASIAuthenticationDialog.m */; };
		4871DD2F148EE09D008D83BB /* ASIDataCompressor.m in Sources */ = {isa = PBXBuildFile; fileRef = 4871DD0D148EE09D008D83BB /* ASIDataCompressor.m */; };
		4871DD30148EE09D008D83BB /* ASIDataDecompressor.m in Sources */ = {isa = PBXBuildFile; fileRef = 4871DD0F148EE09D008D83BB /* ASIDataDecompressor.m */; };
		4871DD31148EE09D008D83BB /* ASIDownloadCache.m in Sources */ = {isa = PBXBuildFile; fileRef = 4871DD11148EE09D008D83BB /* ASIDownloadCache.m */; };
		4871DD32148EE09D008D83BB /* ASIFormDataRequest.m in Sources */ = {isa = PBXBuildFile; fileRef = 4871DD13148EE09D008D83BB /* ASIFormDataRequest.m */; };
		4871DD33148EE09D008D83BB /* ASIHTTPRequest.m in Sources */ = {isa = PBXBuildFile; fileRef = 4871DD15148EE09D008D83BB /* ASIHTTPRequest.m */; };
		4871DD34148EE09D008D83BB /* ASIInputStream.m in Sources */ = {isa = PBXBuildFile; fileRef = 4871DD19148EE09D008D83BB /* ASIInputStream.m */; };
		4871DD35148EE09D008D83BB /* ASINetworkQueue.m in Sources */ = {isa = PBXBuildFile; fileRef = 4871DD1B148EE09D008D83BB /* ASINetworkQueue.m */; };
		4871DD36148EE09D008D83BB /* Reachability.m in Sources */ = {isa = PBXBuildFile; fileRef = 4871DD1E148EE09D008D83BB /* Reachability.m */; };
		4871DD37148EE09D008D83BB /* DSActivityView.m in Sources */ = {isa = PBXBuildFile; fileRef = 4871DD21148EE09D008D83BB /* DSActivityView.m */; };
		4871DD38148EE09D008D83BB /* libFlurryAnalytics.a in Frameworks */ = {isa = PBXBuildFile; fileRef = 4871DD23148EE09D008D83BB /* libFlurryAnalytics.a */; };
		4871DD39148EE09D008D83BB /* JSONKit.m in Sources */ = {isa = PBXBuildFile; fileRef = 4871DD26148EE09D008D83BB /* JSONKit.m */; };
		4871DD3A148EE09D008D83BB /* UIImage+Alpha.m in Sources */ = {isa = PBXBuildFile; fileRef = 4871DD29148EE09D008D83BB /* UIImage+Alpha.m */; };
		4871DD3B148EE09D008D83BB /* UIImage+Resize.m in Sources */ = {isa = PBXBuildFile; fileRef = 4871DD2B148EE09D008D83BB /* UIImage+Resize.m */; };
		4871DD3C148EE09D008D83BB /* UIImage+RoundedCorner.m in Sources */ = {isa = PBXBuildFile; fileRef = 4871DD2D148EE09D008D83BB /* UIImage+RoundedCorner.m */; };
		4871DD74148EE319008D83BB /* certificate.der in Resources */ = {isa = PBXBuildFile; fileRef = 4871DD3E148EE319008D83BB /* certificate.der */; };
		4871DD75148EE319008D83BB /* PCCropPhotoViewController.xib in Resources */ = {isa = PBXBuildFile; fileRef = 4871DD3F148EE319008D83BB /* PCCropPhotoViewController.xib */; };
		4871DD76148EE319008D83BB /* PCCustomRecipientViewController.xib in Resources */ = {isa = PBXBuildFile; fileRef = 4871DD40148EE319008D83BB /* PCCustomRecipientViewController.xib */; };
		4871DD77148EE319008D83BB /* PCGPSMapImageViewController.xib in Resources */ = {isa = PBXBuildFile; fileRef = 4871DD41148EE319008D83BB /* PCGPSMapImageViewController.xib */; };
		4871DD78148EE319008D83BB /* PCMessageViewController.xib in Resources */ = {isa = PBXBuildFile; fileRef = 4871DD42148EE319008D83BB /* PCMessageViewController.xib */; };
		4871DD79148EE319008D83BB /* PCOTR_Accent.png in Resources */ = {isa = PBXBuildFile; fileRef = 4871DD43148EE319008D83BB /* PCOTR_Accent.png */; };
		4871DD7A148EE319008D83BB /* PCOTR_Accent@2x.png in Resources */ = {isa = PBXBuildFile; fileRef = 4871DD44148EE319008D83BB /* PCOTR_Accent@2x.png */; };
		4871DD7B148EE319008D83BB /* PCOTR_AddressBookButton.png in Resources */ = {isa = PBXBuildFile; fileRef = 4871DD45148EE319008D83BB /* PCOTR_AddressBookButton.png */; };
		4871DD7C148EE319008D83BB /* PCOTR_AddressBookButton@2x.png in Resources */ = {isa = PBXBuildFile; fileRef = 4871DD46148EE319008D83BB /* PCOTR_AddressBookButton@2x.png */; };
		4871DD7D148EE319008D83BB /* PCOTR_ArrowButton.png in Resources */ = {isa = PBXBuildFile; fileRef = 4871DD47148EE319008D83BB /* PCOTR_ArrowButton.png */; };
		4871DD7E148EE319008D83BB /* PCOTR_ArrowButton@2x.png in Resources */ = {isa = PBXBuildFile; fileRef = 4871DD48148EE319008D83BB /* PCOTR_ArrowButton@2x.png */; };
		4871DD7F148EE319008D83BB /* PCOTR_Background.png in Resources */ = {isa = PBXBuildFile; fileRef = 4871DD49148EE319008D83BB /* PCOTR_Background.png */; };
		4871DD80148EE319008D83BB /* PCOTR_Background@x2.png in Resources */ = {isa = PBXBuildFile; fileRef = 4871DD4A148EE319008D83BB /* PCOTR_Background@x2.png */; };
		4871DD81148EE319008D83BB /* PCOTR_Button.png in Resources */ = {isa = PBXBuildFile; fileRef = 4871DD4B148EE319008D83BB /* PCOTR_Button.png */; };
		4871DD82148EE319008D83BB /* PCOTR_Button@2x.png in Resources */ = {isa = PBXBuildFile; fileRef = 4871DD4C148EE319008D83BB /* PCOTR_Button@2x.png */; };
		4871DD83148EE319008D83BB /* PCOTR_CardBack.png in Resources */ = {isa = PBXBuildFile; fileRef = 4871DD4D148EE319008D83BB /* PCOTR_CardBack.png */; };
		4871DD84148EE319008D83BB /* PCOTR_ContactsBackground.png in Resources */ = {isa = PBXBuildFile; fileRef = 4871DD4E148EE319008D83BB /* PCOTR_ContactsBackground.png */; };
		4871DD85148EE319008D83BB /* PCOTR_ContactsBackground@2x.png in Resources */ = {isa = PBXBuildFile; fileRef = 4871DD4F148EE319008D83BB /* PCOTR_ContactsBackground@2x.png */; };
		4871DD86148EE319008D83BB /* PCOTR_CreditCards.png in Resources */ = {isa = PBXBuildFile; fileRef = 4871DD50148EE319008D83BB /* PCOTR_CreditCards.png */; };
		4871DD87148EE319008D83BB /* PCOTR_CreditCards@2x.png in Resources */ = {isa = PBXBuildFile; fileRef = 4871DD51148EE319008D83BB /* PCOTR_CreditCards@2x.png */; };
		4871DD88148EE319008D83BB /* PCOTR_CropPhotoCoachnote.png in Resources */ = {isa = PBXBuildFile; fileRef = 4871DD52148EE319008D83BB /* PCOTR_CropPhotoCoachnote.png */; };
		4871DD89148EE319008D83BB /* PCOTR_CropPhotoCoachnote@2x.png in Resources */ = {isa = PBXBuildFile; fileRef = 4871DD53148EE319008D83BB /* PCOTR_CropPhotoCoachnote@2x.png */; };
		4871DD8A148EE319008D83BB /* PCOTR_DarkBackground.png in Resources */ = {isa = PBXBuildFile; fileRef = 4871DD54148EE319008D83BB /* PCOTR_DarkBackground.png */; };
		4871DD8B148EE319008D83BB /* PCOTR_DarkBackground@2x.png in Resources */ = {isa = PBXBuildFile; fileRef = 4871DD55148EE319008D83BB /* PCOTR_DarkBackground@2x.png */; };
		4871DD8C148EE319008D83BB /* PCOTR_DoneDown.png in Resources */ = {isa = PBXBuildFile; fileRef = 4871DD56148EE319008D83BB /* PCOTR_DoneDown.png */; };
		4871DD8D148EE319008D83BB /* PCOTR_DoneUp.png in Resources */ = {isa = PBXBuildFile; fileRef = 4871DD57148EE319008D83BB /* PCOTR_DoneUp.png */; };
		4871DD8E148EE319008D83BB /* PCOTR_GroupsButton.png in Resources */ = {isa = PBXBuildFile; fileRef = 4871DD58148EE319008D83BB /* PCOTR_GroupsButton.png */; };
		4871DD8F148EE319008D83BB /* PCOTR_GroupsButton@2x.png in Resources */ = {isa = PBXBuildFile; fileRef = 4871DD59148EE319008D83BB /* PCOTR_GroupsButton@2x.png */; };
		4871DD90148EE319008D83BB /* PCOTR_Lock.png in Resources */ = {isa = PBXBuildFile; fileRef = 4871DD5A148EE319008D83BB /* PCOTR_Lock.png */; };
		4871DD91148EE319008D83BB /* PCOTR_Lock@2x.png in Resources */ = {isa = PBXBuildFile; fileRef = 4871DD5B148EE319008D83BB /* PCOTR_Lock@2x.png */; };
		4871DD92148EE319008D83BB /* PCOTR_NewContactButton.png in Resources */ = {isa = PBXBuildFile; fileRef = 4871DD5C148EE319008D83BB /* PCOTR_NewContactButton.png */; };
		4871DD93148EE319008D83BB /* PCOTR_NewContactButton@2x.png in Resources */ = {isa = PBXBuildFile; fileRef = 4871DD5D148EE319008D83BB /* PCOTR_NewContactButton@2x.png */; };
		4871DD94148EE319008D83BB /* PCOTR_PreviewInstructions.png in Resources */ = {isa = PBXBuildFile; fileRef = 4871DD5E148EE319008D83BB /* PCOTR_PreviewInstructions.png */; };
		4871DD95148EE319008D83BB /* PCOTR_PreviewInstructions@2x.png in Resources */ = {isa = PBXBuildFile; fileRef = 4871DD5F148EE319008D83BB /* PCOTR_PreviewInstructions@2x.png */; };
		4871DD96148EE319008D83BB /* PCOTR_RecipientsCoachmark.png in Resources */ = {isa = PBXBuildFile; fileRef = 4871DD60148EE319008D83BB /* PCOTR_RecipientsCoachmark.png */; };
		4871DD97148EE319008D83BB /* PCOTR_RecipientsCoachmark@2x.png in Resources */ = {isa = PBXBuildFile; fileRef = 4871DD61148EE319008D83BB /* PCOTR_RecipientsCoachmark@2x.png */; };
		4871DD98148EE319008D83BB /* PCOTR_SenderInfoCoachmark.png in Resources */ = {isa = PBXBuildFile; fileRef = 4871DD62148EE319008D83BB /* PCOTR_SenderInfoCoachmark.png */; };
		4871DD99148EE319008D83BB /* PCOTR_SenderInfoCoachmark@2x.png in Resources */ = {isa = PBXBuildFile; fileRef = 4871DD63148EE319008D83BB /* PCOTR_SenderInfoCoachmark@2x.png */; };
		4871DD9A148EE319008D83BB /* PCOTR_Shadow.png in Resources */ = {isa = PBXBuildFile; fileRef = 4871DD64148EE319008D83BB /* PCOTR_Shadow.png */; };
		4871DD9B148EE319008D83BB /* PCOTR_SignatureCoachmark.png in Resources */ = {isa = PBXBuildFile; fileRef = 4871DD65148EE319008D83BB /* PCOTR_SignatureCoachmark.png */; };
		4871DD9C148EE319008D83BB /* PCOTR_SignatureCoachmark@2x.png in Resources */ = {isa = PBXBuildFile; fileRef = 4871DD66148EE319008D83BB /* PCOTR_SignatureCoachmark@2x.png */; };
		4871DD9D148EE319008D83BB /* PCOTR_SignaturePad.png in Resources */ = {isa = PBXBuildFile; fileRef = 4871DD67148EE319008D83BB /* PCOTR_SignaturePad.png */; };
		4871DD9E148EE319008D83BB /* PCOTR_SignaturePad@2x.png in Resources */ = {isa = PBXBuildFile; fileRef = 4871DD68148EE319008D83BB /* PCOTR_SignaturePad@2x.png */; };
		4871DD9F148EE319008D83BB /* PCOTR_ToolbarEmail.png in Resources */ = {isa = PBXBuildFile; fileRef = 4871DD69148EE319008D83BB /* PCOTR_ToolbarEmail.png */; };
		4871DDA0148EE319008D83BB /* PCOTR_ToolbarMap.png in Resources */ = {isa = PBXBuildFile; fileRef = 4871DD6A148EE319008D83BB /* PCOTR_ToolbarMap.png */; };
		4871DDA1148EE319008D83BB /* PCOTR_ToolbarPhone.png in Resources */ = {isa = PBXBuildFile; fileRef = 4871DD6B148EE319008D83BB /* PCOTR_ToolbarPhone.png */; };
		4871DDA2148EE319008D83BB /* PCPaymentViewController.xib in Resources */ = {isa = PBXBuildFile; fileRef = 4871DD6C148EE319008D83BB /* PCPaymentViewController.xib */; };
		4871DDA3148EE319008D83BB /* PCPINViewController.xib in Resources */ = {isa = PBXBuildFile; fileRef = 4871DD6D148EE319008D83BB /* PCPINViewController.xib */; };
		4871DDA4148EE319008D83BB /* PCPreviewViewController.xib in Resources */ = {isa = PBXBuildFile; fileRef = 4871DD6E148EE319008D83BB /* PCPreviewViewController.xib */; };
		4871DDA5148EE319008D83BB /* PCRecipientsViewController.xib in Resources */ = {isa = PBXBuildFile; fileRef = 4871DD6F148EE319008D83BB /* PCRecipientsViewController.xib */; };
		4871DDA6148EE319008D83BB /* PCSenderInfoViewController.xib in Resources */ = {isa = PBXBuildFile; fileRef = 4871DD70148EE319008D83BB /* PCSenderInfoViewController.xib */; };
		4871DDA7148EE319008D83BB /* PCSignaturePadViewController.xib in Resources */ = {isa = PBXBuildFile; fileRef = 4871DD71148EE319008D83BB /* PCSignaturePadViewController.xib */; };
		4871DDA8148EE319008D83BB /* PCSmellMailViewController.xib in Resources */ = {isa = PBXBuildFile; fileRef = 4871DD72148EE319008D83BB /* PCSmellMailViewController.xib */; };
		4871DDAB148EE343008D83BB /* libPCOTR SDK.a in Frameworks */ = {isa = PBXBuildFile; fileRef = 4871DDAA148EE343008D83BB /* libPCOTR SDK.a */; };
		4871DDAE148EE580008D83BB /* Security.framework in Frameworks */ = {isa = PBXBuildFile; fileRef = 4871DDAD148EE580008D83BB /* Security.framework */; };
		4871DDB0148EE589008D83BB /* libz.dylib in Frameworks */ = {isa = PBXBuildFile; fileRef = 4871DDAF148EE588008D83BB /* libz.dylib */; };
		4871DDB3148EE590008D83BB /* AddressBook.framework in Frameworks */ = {isa = PBXBuildFile; fileRef = 4871DDB1148EE590008D83BB /* AddressBook.framework */; };
		4871DDB4148EE590008D83BB /* AddressBookUI.framework in Frameworks */ = {isa = PBXBuildFile; fileRef = 4871DDB2148EE590008D83BB /* AddressBookUI.framework */; };
		4871DDB6148EE599008D83BB /* MobileCoreServices.framework in Frameworks */ = {isa = PBXBuildFile; fileRef = 4871DDB5148EE599008D83BB /* MobileCoreServices.framework */; };
		4871DDB8148EE59F008D83BB /* SystemConfiguration.framework in Frameworks */ = {isa = PBXBuildFile; fileRef = 4871DDB7148EE59F008D83BB /* SystemConfiguration.framework */; };
		4871DDBA148EE5A5008D83BB /* CFNetwork.framework in Frameworks */ = {isa = PBXBuildFile; fileRef = 4871DDB9148EE5A5008D83BB /* CFNetwork.framework */; };
		4871DDC0148EEBC8008D83BB /* CoreLocation.framework in Frameworks */ = {isa = PBXBuildFile; fileRef = 4871DDBF148EEBC8008D83BB /* CoreLocation.framework */; };
		48A576591496CFF500A723E6 /* HotelRootViewController.m in Sources */ = {isa = PBXBuildFile; fileRef = 48A576571496CFF500A723E6 /* HotelRootViewController.m */; };
		48A5765A1496CFF500A723E6 /* HotelRootViewController.xib in Resources */ = {isa = PBXBuildFile; fileRef = 48A576581496CFF500A723E6 /* HotelRootViewController.xib */; };
		C9363DE7135807B000941D8A /* UIKit.framework in Frameworks */ = {isa = PBXBuildFile; fileRef = C9363DE6135807B000941D8A /* UIKit.framework */; };
		C9363DE9135807B000941D8A /* Foundation.framework in Frameworks */ = {isa = PBXBuildFile; fileRef = C9363DE8135807B000941D8A /* Foundation.framework */; };
		C9363DEB135807B000941D8A /* CoreGraphics.framework in Frameworks */ = {isa = PBXBuildFile; fileRef = C9363DEA135807B000941D8A /* CoreGraphics.framework */; };
		C9363DF1135807B000941D8A /* InfoPlist.strings in Resources */ = {isa = PBXBuildFile; fileRef = C9363DEF135807B000941D8A /* InfoPlist.strings */; };
		C9363DF4135807B000941D8A /* main.m in Sources */ = {isa = PBXBuildFile; fileRef = C9363DF3135807B000941D8A /* main.m */; };
		C9363DF7135807B000941D8A /* hotelAppDelegate.m in Sources */ = {isa = PBXBuildFile; fileRef = C9363DF6135807B000941D8A /* hotelAppDelegate.m */; };
		C9363DFB135807B000941D8A /* hotelAppDelegate_iPhone.m in Sources */ = {isa = PBXBuildFile; fileRef = C9363DFA135807B000941D8A /* hotelAppDelegate_iPhone.m */; };
		C9363DFE135807B000941D8A /* MainWindow_iPhone.xib in Resources */ = {isa = PBXBuildFile; fileRef = C9363DFC135807B000941D8A /* MainWindow_iPhone.xib */; };
		C9363E02135807B000941D8A /* hotelAppDelegate_iPad.m in Sources */ = {isa = PBXBuildFile; fileRef = C9363E01135807B000941D8A /* hotelAppDelegate_iPad.m */; };
		C9363E05135807B000941D8A /* MainWindow_iPad.xib in Resources */ = {isa = PBXBuildFile; fileRef = C9363E03135807B000941D8A /* MainWindow_iPad.xib */; };
		C9363E0C135807B000941D8A /* UIKit.framework in Frameworks */ = {isa = PBXBuildFile; fileRef = C9363DE6135807B000941D8A /* UIKit.framework */; };
		C9363E0D135807B000941D8A /* Foundation.framework in Frameworks */ = {isa = PBXBuildFile; fileRef = C9363DE8135807B000941D8A /* Foundation.framework */; };
		C9363E0E135807B000941D8A /* CoreGraphics.framework in Frameworks */ = {isa = PBXBuildFile; fileRef = C9363DEA135807B000941D8A /* CoreGraphics.framework */; };
		C9363E16135807B000941D8A /* InfoPlist.strings in Resources */ = {isa = PBXBuildFile; fileRef = C9363E14135807B000941D8A /* InfoPlist.strings */; };
		C9363E19135807B000941D8A /* hotelTests.h in Resources */ = {isa = PBXBuildFile; fileRef = C9363E18135807B000941D8A /* hotelTests.h */; };
		C9363E1B135807B000941D8A /* hotelTests.m in Sources */ = {isa = PBXBuildFile; fileRef = C9363E1A135807B000941D8A /* hotelTests.m */; };
/* End PBXBuildFile section */

/* Begin PBXContainerItemProxy section */
		69B9AE8C137363D30017EC40 /* PBXContainerItemProxy */ = {
			isa = PBXContainerItemProxy;
			containerPortal = C9363DD9135807B000941D8A /* Project object */;
			proxyType = 1;
			remoteGlobalIDString = C9363DE1135807B000941D8A;
			remoteInfo = hotel;
		};
		C9363E0F135807B000941D8A /* PBXContainerItemProxy */ = {
			isa = PBXContainerItemProxy;
			containerPortal = C9363DD9135807B000941D8A /* Project object */;
			proxyType = 1;
			remoteGlobalIDString = C9363DE1135807B000941D8A;
			remoteInfo = hotel;
		};
/* End PBXContainerItemProxy section */

/* Begin PBXFileReference section */
		48508348149FE81B00DD2F2D /* btn_vic_postcard@2x.png */ = {isa = PBXFileReference; lastKnownFileType = image.png; path = "btn_vic_postcard@2x.png"; sourceTree = "<group>"; };
		48508349149FE81B00DD2F2D /* btn_vic_home@2x.png */ = {isa = PBXFileReference; lastKnownFileType = image.png; path = "btn_vic_home@2x.png"; sourceTree = "<group>"; };
		4850834A149FE81B00DD2F2D /* btn_vic_home.png */ = {isa = PBXFileReference; lastKnownFileType = image.png; path = btn_vic_home.png; sourceTree = "<group>"; };
		4850834B149FE81B00DD2F2D /* btn_vic_postcard.png */ = {isa = PBXFileReference; lastKnownFileType = image.png; path = btn_vic_postcard.png; sourceTree = "<group>"; };
		4871DCEA148ED87F008D83BB /* bottom_button_ipad.png */ = {isa = PBXFileReference; lastKnownFileType = image.png; name = bottom_button_ipad.png; path = hotel/bottom_button_ipad.png; sourceTree = "<group>"; };
		4871DCEB148ED87F008D83BB /* bottom_button_iphone.png */ = {isa = PBXFileReference; lastKnownFileType = image.png; name = bottom_button_iphone.png; path = hotel/bottom_button_iphone.png; sourceTree = "<group>"; };
		4871DCEC148ED87F008D83BB /* Default-Landscape~ipad.png */ = {isa = PBXFileReference; lastKnownFileType = image.png; name = "Default-Landscape~ipad.png"; path = "hotel/Default-Landscape~ipad.png"; sourceTree = "<group>"; };
		4871DCED148ED87F008D83BB /* Default-Portrait~ipad.png */ = {isa = PBXFileReference; lastKnownFileType = image.png; name = "Default-Portrait~ipad.png"; path = "hotel/Default-Portrait~ipad.png"; sourceTree = "<group>"; };
		4871DCEE148ED87F008D83BB /* Default.png */ = {isa = PBXFileReference; lastKnownFileType = image.png; name = Default.png; path = hotel/Default.png; sourceTree = "<group>"; };
		4871DCEF148ED87F008D83BB /* Default@2x.png */ = {isa = PBXFileReference; lastKnownFileType = image.png; name = "Default@2x.png"; path = "hotel/Default@2x.png"; sourceTree = "<group>"; };
		4871DCF0148ED87F008D83BB /* Icon_57.png */ = {isa = PBXFileReference; lastKnownFileType = image.png; name = Icon_57.png; path = hotel/Icon_57.png; sourceTree = "<group>"; };
		4871DCF1148ED87F008D83BB /* Icon_72.png */ = {isa = PBXFileReference; lastKnownFileType = image.png; name = Icon_72.png; path = hotel/Icon_72.png; sourceTree = "<group>"; };
		4871DCF2148ED87F008D83BB /* Icon_114.png */ = {isa = PBXFileReference; lastKnownFileType = image.png; name = Icon_114.png; path = hotel/Icon_114.png; sourceTree = "<group>"; };
		4871DCFC148ED896008D83BB /* ipad_bg.png */ = {isa = PBXFileReference; lastKnownFileType = image.png; name = ipad_bg.png; path = hotel/ipad_bg.png; sourceTree = "<group>"; };
		4871DCFD148ED896008D83BB /* ipad_loading.png */ = {isa = PBXFileReference; lastKnownFileType = image.png; name = ipad_loading.png; path = hotel/ipad_loading.png; sourceTree = "<group>"; };
		4871DCFE148ED896008D83BB /* ipad_screen.png */ = {isa = PBXFileReference; lastKnownFileType = image.png; name = ipad_screen.png; path = hotel/ipad_screen.png; sourceTree = "<group>"; };
		4871DCFF148ED896008D83BB /* iphone_bg.png */ = {isa = PBXFileReference; lastKnownFileType = image.png; name = iphone_bg.png; path = hotel/iphone_bg.png; sourceTree = "<group>"; };
		4871DD00148ED896008D83BB /* iphone_loading.png */ = {isa = PBXFileReference; lastKnownFileType = image.png; name = iphone_loading.png; path = hotel/iphone_loading.png; sourceTree = "<group>"; };
		4871DD01148ED896008D83BB /* iphone_screen.png */ = {isa = PBXFileReference; lastKnownFileType = image.png; name = iphone_screen.png; path = hotel/iphone_screen.png; sourceTree = "<group>"; };
		4871DD09148EE09D008D83BB /* ASIAuthenticationDialog.h */ = {isa = PBXFileReference; fileEncoding = 4; lastKnownFileType = sourcecode.c.h; path = ASIAuthenticationDialog.h; sourceTree = "<group>"; };
		4871DD0A148EE09D008D83BB /* ASIAuthenticationDialog.m */ = {isa = PBXFileReference; fileEncoding = 4; lastKnownFileType = sourcecode.c.objc; path = ASIAuthenticationDialog.m; sourceTree = "<group>"; };
		4871DD0B148EE09D008D83BB /* ASICacheDelegate.h */ = {isa = PBXFileReference; fileEncoding = 4; lastKnownFileType = sourcecode.c.h; path = ASICacheDelegate.h; sourceTree = "<group>"; };
		4871DD0C148EE09D008D83BB /* ASIDataCompressor.h */ = {isa = PBXFileReference; fileEncoding = 4; lastKnownFileType = sourcecode.c.h; path = ASIDataCompressor.h; sourceTree = "<group>"; };
		4871DD0D148EE09D008D83BB /* ASIDataCompressor.m */ = {isa = PBXFileReference; fileEncoding = 4; lastKnownFileType = sourcecode.c.objc; path = ASIDataCompressor.m; sourceTree = "<group>"; };
		4871DD0E148EE09D008D83BB /* ASIDataDecompressor.h */ = {isa = PBXFileReference; fileEncoding = 4; lastKnownFileType = sourcecode.c.h; path = ASIDataDecompressor.h; sourceTree = "<group>"; };
		4871DD0F148EE09D008D83BB /* ASIDataDecompressor.m */ = {isa = PBXFileReference; fileEncoding = 4; lastKnownFileType = sourcecode.c.objc; path = ASIDataDecompressor.m; sourceTree = "<group>"; };
		4871DD10148EE09D008D83BB /* ASIDownloadCache.h */ = {isa = PBXFileReference; fileEncoding = 4; lastKnownFileType = sourcecode.c.h; path = ASIDownloadCache.h; sourceTree = "<group>"; };
		4871DD11148EE09D008D83BB /* ASIDownloadCache.m */ = {isa = PBXFileReference; fileEncoding = 4; lastKnownFileType = sourcecode.c.objc; path = ASIDownloadCache.m; sourceTree = "<group>"; };
		4871DD12148EE09D008D83BB /* ASIFormDataRequest.h */ = {isa = PBXFileReference; fileEncoding = 4; lastKnownFileType = sourcecode.c.h; path = ASIFormDataRequest.h; sourceTree = "<group>"; };
		4871DD13148EE09D008D83BB /* ASIFormDataRequest.m */ = {isa = PBXFileReference; fileEncoding = 4; lastKnownFileType = sourcecode.c.objc; path = ASIFormDataRequest.m; sourceTree = "<group>"; };
		4871DD14148EE09D008D83BB /* ASIHTTPRequest.h */ = {isa = PBXFileReference; fileEncoding = 4; lastKnownFileType = sourcecode.c.h; path = ASIHTTPRequest.h; sourceTree = "<group>"; };
		4871DD15148EE09D008D83BB /* ASIHTTPRequest.m */ = {isa = PBXFileReference; fileEncoding = 4; lastKnownFileType = sourcecode.c.objc; path = ASIHTTPRequest.m; sourceTree = "<group>"; };
		4871DD16148EE09D008D83BB /* ASIHTTPRequestConfig.h */ = {isa = PBXFileReference; fileEncoding = 4; lastKnownFileType = sourcecode.c.h; path = ASIHTTPRequestConfig.h; sourceTree = "<group>"; };
		4871DD17148EE09D008D83BB /* ASIHTTPRequestDelegate.h */ = {isa = PBXFileReference; fileEncoding = 4; lastKnownFileType = sourcecode.c.h; path = ASIHTTPRequestDelegate.h; sourceTree = "<group>"; };
		4871DD18148EE09D008D83BB /* ASIInputStream.h */ = {isa = PBXFileReference; fileEncoding = 4; lastKnownFileType = sourcecode.c.h; path = ASIInputStream.h; sourceTree = "<group>"; };
		4871DD19148EE09D008D83BB /* ASIInputStream.m */ = {isa = PBXFileReference; fileEncoding = 4; lastKnownFileType = sourcecode.c.objc; path = ASIInputStream.m; sourceTree = "<group>"; };
		4871DD1A148EE09D008D83BB /* ASINetworkQueue.h */ = {isa = PBXFileReference; fileEncoding = 4; lastKnownFileType = sourcecode.c.h; path = ASINetworkQueue.h; sourceTree = "<group>"; };
		4871DD1B148EE09D008D83BB /* ASINetworkQueue.m */ = {isa = PBXFileReference; fileEncoding = 4; lastKnownFileType = sourcecode.c.objc; path = ASINetworkQueue.m; sourceTree = "<group>"; };
		4871DD1C148EE09D008D83BB /* ASIProgressDelegate.h */ = {isa = PBXFileReference; fileEncoding = 4; lastKnownFileType = sourcecode.c.h; path = ASIProgressDelegate.h; sourceTree = "<group>"; };
		4871DD1D148EE09D008D83BB /* Reachability.h */ = {isa = PBXFileReference; fileEncoding = 4; lastKnownFileType = sourcecode.c.h; path = Reachability.h; sourceTree = "<group>"; };
		4871DD1E148EE09D008D83BB /* Reachability.m */ = {isa = PBXFileReference; fileEncoding = 4; lastKnownFileType = sourcecode.c.objc; path = Reachability.m; sourceTree = "<group>"; };
		4871DD20148EE09D008D83BB /* DSActivityView.h */ = {isa = PBXFileReference; fileEncoding = 4; lastKnownFileType = sourcecode.c.h; path = DSActivityView.h; sourceTree = "<group>"; };
		4871DD21148EE09D008D83BB /* DSActivityView.m */ = {isa = PBXFileReference; fileEncoding = 4; lastKnownFileType = sourcecode.c.objc; path = DSActivityView.m; sourceTree = "<group>"; };
		4871DD23148EE09D008D83BB /* libFlurryAnalytics.a */ = {isa = PBXFileReference; lastKnownFileType = archive.ar; path = libFlurryAnalytics.a; sourceTree = "<group>"; };
		4871DD25148EE09D008D83BB /* JSONKit.h */ = {isa = PBXFileReference; fileEncoding = 4; lastKnownFileType = sourcecode.c.h; path = JSONKit.h; sourceTree = "<group>"; };
		4871DD26148EE09D008D83BB /* JSONKit.m */ = {isa = PBXFileReference; fileEncoding = 4; lastKnownFileType = sourcecode.c.objc; path = JSONKit.m; sourceTree = "<group>"; };
		4871DD28148EE09D008D83BB /* UIImage+Alpha.h */ = {isa = PBXFileReference; fileEncoding = 4; lastKnownFileType = sourcecode.c.h; path = "UIImage+Alpha.h"; sourceTree = "<group>"; };
		4871DD29148EE09D008D83BB /* UIImage+Alpha.m */ = {isa = PBXFileReference; fileEncoding = 4; lastKnownFileType = sourcecode.c.objc; path = "UIImage+Alpha.m"; sourceTree = "<group>"; };
		4871DD2A148EE09D008D83BB /* UIImage+Resize.h */ = {isa = PBXFileReference; fileEncoding = 4; lastKnownFileType = sourcecode.c.h; path = "UIImage+Resize.h"; sourceTree = "<group>"; };
		4871DD2B148EE09D008D83BB /* UIImage+Resize.m */ = {isa = PBXFileReference; fileEncoding = 4; lastKnownFileType = sourcecode.c.objc; path = "UIImage+Resize.m"; sourceTree = "<group>"; };
		4871DD2C148EE09D008D83BB /* UIImage+RoundedCorner.h */ = {isa = PBXFileReference; fileEncoding = 4; lastKnownFileType = sourcecode.c.h; path = "UIImage+RoundedCorner.h"; sourceTree = "<group>"; };
		4871DD2D148EE09D008D83BB /* UIImage+RoundedCorner.m */ = {isa = PBXFileReference; fileEncoding = 4; lastKnownFileType = sourcecode.c.objc; path = "UIImage+RoundedCorner.m"; sourceTree = "<group>"; };
		4871DD3E148EE319008D83BB /* certificate.der */ = {isa = PBXFileReference; lastKnownFileType = file; path = certificate.der; sourceTree = "<group>"; };
		4871DD3F148EE319008D83BB /* PCCropPhotoViewController.xib */ = {isa = PBXFileReference; fileEncoding = 4; lastKnownFileType = file.xib; path = PCCropPhotoViewController.xib; sourceTree = "<group>"; };
		4871DD40148EE319008D83BB /* PCCustomRecipientViewController.xib */ = {isa = PBXFileReference; fileEncoding = 4; lastKnownFileType = file.xib; path = PCCustomRecipientViewController.xib; sourceTree = "<group>"; };
		4871DD41148EE319008D83BB /* PCGPSMapImageViewController.xib */ = {isa = PBXFileReference; fileEncoding = 4; lastKnownFileType = file.xib; path = PCGPSMapImageViewController.xib; sourceTree = "<group>"; };
		4871DD42148EE319008D83BB /* PCMessageViewController.xib */ = {isa = PBXFileReference; fileEncoding = 4; lastKnownFileType = file.xib; path = PCMessageViewController.xib; sourceTree = "<group>"; };
		4871DD43148EE319008D83BB /* PCOTR_Accent.png */ = {isa = PBXFileReference; lastKnownFileType = image.png; path = PCOTR_Accent.png; sourceTree = "<group>"; };
		4871DD44148EE319008D83BB /* PCOTR_Accent@2x.png */ = {isa = PBXFileReference; lastKnownFileType = image.png; path = "PCOTR_Accent@2x.png"; sourceTree = "<group>"; };
		4871DD45148EE319008D83BB /* PCOTR_AddressBookButton.png */ = {isa = PBXFileReference; lastKnownFileType = image.png; path = PCOTR_AddressBookButton.png; sourceTree = "<group>"; };
		4871DD46148EE319008D83BB /* PCOTR_AddressBookButton@2x.png */ = {isa = PBXFileReference; lastKnownFileType = image.png; path = "PCOTR_AddressBookButton@2x.png"; sourceTree = "<group>"; };
		4871DD47148EE319008D83BB /* PCOTR_ArrowButton.png */ = {isa = PBXFileReference; lastKnownFileType = image.png; path = PCOTR_ArrowButton.png; sourceTree = "<group>"; };
		4871DD48148EE319008D83BB /* PCOTR_ArrowButton@2x.png */ = {isa = PBXFileReference; lastKnownFileType = image.png; path = "PCOTR_ArrowButton@2x.png"; sourceTree = "<group>"; };
		4871DD49148EE319008D83BB /* PCOTR_Background.png */ = {isa = PBXFileReference; lastKnownFileType = image.png; path = PCOTR_Background.png; sourceTree = "<group>"; };
		4871DD4A148EE319008D83BB /* PCOTR_Background@x2.png */ = {isa = PBXFileReference; lastKnownFileType = image.png; path = "PCOTR_Background@x2.png"; sourceTree = "<group>"; };
		4871DD4B148EE319008D83BB /* PCOTR_Button.png */ = {isa = PBXFileReference; lastKnownFileType = image.png; path = PCOTR_Button.png; sourceTree = "<group>"; };
		4871DD4C148EE319008D83BB /* PCOTR_Button@2x.png */ = {isa = PBXFileReference; lastKnownFileType = image.png; path = "PCOTR_Button@2x.png"; sourceTree = "<group>"; };
		4871DD4D148EE319008D83BB /* PCOTR_CardBack.png */ = {isa = PBXFileReference; lastKnownFileType = image.png; path = PCOTR_CardBack.png; sourceTree = "<group>"; };
		4871DD4E148EE319008D83BB /* PCOTR_ContactsBackground.png */ = {isa = PBXFileReference; lastKnownFileType = image.png; path = PCOTR_ContactsBackground.png; sourceTree = "<group>"; };
		4871DD4F148EE319008D83BB /* PCOTR_ContactsBackground@2x.png */ = {isa = PBXFileReference; lastKnownFileType = image.png; path = "PCOTR_ContactsBackground@2x.png"; sourceTree = "<group>"; };
		4871DD50148EE319008D83BB /* PCOTR_CreditCards.png */ = {isa = PBXFileReference; lastKnownFileType = image.png; path = PCOTR_CreditCards.png; sourceTree = "<group>"; };
		4871DD51148EE319008D83BB /* PCOTR_CreditCards@2x.png */ = {isa = PBXFileReference; lastKnownFileType = image.png; path = "PCOTR_CreditCards@2x.png"; sourceTree = "<group>"; };
		4871DD52148EE319008D83BB /* PCOTR_CropPhotoCoachnote.png */ = {isa = PBXFileReference; lastKnownFileType = image.png; path = PCOTR_CropPhotoCoachnote.png; sourceTree = "<group>"; };
		4871DD53148EE319008D83BB /* PCOTR_CropPhotoCoachnote@2x.png */ = {isa = PBXFileReference; lastKnownFileType = image.png; path = "PCOTR_CropPhotoCoachnote@2x.png"; sourceTree = "<group>"; };
		4871DD54148EE319008D83BB /* PCOTR_DarkBackground.png */ = {isa = PBXFileReference; lastKnownFileType = image.png; path = PCOTR_DarkBackground.png; sourceTree = "<group>"; };
		4871DD55148EE319008D83BB /* PCOTR_DarkBackground@2x.png */ = {isa = PBXFileReference; lastKnownFileType = image.png; path = "PCOTR_DarkBackground@2x.png"; sourceTree = "<group>"; };
		4871DD56148EE319008D83BB /* PCOTR_DoneDown.png */ = {isa = PBXFileReference; lastKnownFileType = image.png; path = PCOTR_DoneDown.png; sourceTree = "<group>"; };
		4871DD57148EE319008D83BB /* PCOTR_DoneUp.png */ = {isa = PBXFileReference; lastKnownFileType = image.png; path = PCOTR_DoneUp.png; sourceTree = "<group>"; };
		4871DD58148EE319008D83BB /* PCOTR_GroupsButton.png */ = {isa = PBXFileReference; lastKnownFileType = image.png; path = PCOTR_GroupsButton.png; sourceTree = "<group>"; };
		4871DD59148EE319008D83BB /* PCOTR_GroupsButton@2x.png */ = {isa = PBXFileReference; lastKnownFileType = image.png; path = "PCOTR_GroupsButton@2x.png"; sourceTree = "<group>"; };
		4871DD5A148EE319008D83BB /* PCOTR_Lock.png */ = {isa = PBXFileReference; lastKnownFileType = image.png; path = PCOTR_Lock.png; sourceTree = "<group>"; };
		4871DD5B148EE319008D83BB /* PCOTR_Lock@2x.png */ = {isa = PBXFileReference; lastKnownFileType = image.png; path = "PCOTR_Lock@2x.png"; sourceTree = "<group>"; };
		4871DD5C148EE319008D83BB /* PCOTR_NewContactButton.png */ = {isa = PBXFileReference; lastKnownFileType = image.png; path = PCOTR_NewContactButton.png; sourceTree = "<group>"; };
		4871DD5D148EE319008D83BB /* PCOTR_NewContactButton@2x.png */ = {isa = PBXFileReference; lastKnownFileType = image.png; path = "PCOTR_NewContactButton@2x.png"; sourceTree = "<group>"; };
		4871DD5E148EE319008D83BB /* PCOTR_PreviewInstructions.png */ = {isa = PBXFileReference; lastKnownFileType = image.png; path = PCOTR_PreviewInstructions.png; sourceTree = "<group>"; };
		4871DD5F148EE319008D83BB /* PCOTR_PreviewInstructions@2x.png */ = {isa = PBXFileReference; lastKnownFileType = image.png; path = "PCOTR_PreviewInstructions@2x.png"; sourceTree = "<group>"; };
		4871DD60148EE319008D83BB /* PCOTR_RecipientsCoachmark.png */ = {isa = PBXFileReference; lastKnownFileType = image.png; path = PCOTR_RecipientsCoachmark.png; sourceTree = "<group>"; };
		4871DD61148EE319008D83BB /* PCOTR_RecipientsCoachmark@2x.png */ = {isa = PBXFileReference; lastKnownFileType = image.png; path = "PCOTR_RecipientsCoachmark@2x.png"; sourceTree = "<group>"; };
		4871DD62148EE319008D83BB /* PCOTR_SenderInfoCoachmark.png */ = {isa = PBXFileReference; lastKnownFileType = image.png; path = PCOTR_SenderInfoCoachmark.png; sourceTree = "<group>"; };
		4871DD63148EE319008D83BB /* PCOTR_SenderInfoCoachmark@2x.png */ = {isa = PBXFileReference; lastKnownFileType = image.png; path = "PCOTR_SenderInfoCoachmark@2x.png"; sourceTree = "<group>"; };
		4871DD64148EE319008D83BB /* PCOTR_Shadow.png */ = {isa = PBXFileReference; lastKnownFileType = image.png; path = PCOTR_Shadow.png; sourceTree = "<group>"; };
		4871DD65148EE319008D83BB /* PCOTR_SignatureCoachmark.png */ = {isa = PBXFileReference; lastKnownFileType = image.png; path = PCOTR_SignatureCoachmark.png; sourceTree = "<group>"; };
		4871DD66148EE319008D83BB /* PCOTR_SignatureCoachmark@2x.png */ = {isa = PBXFileReference; lastKnownFileType = image.png; path = "PCOTR_SignatureCoachmark@2x.png"; sourceTree = "<group>"; };
		4871DD67148EE319008D83BB /* PCOTR_SignaturePad.png */ = {isa = PBXFileReference; lastKnownFileType = image.png; path = PCOTR_SignaturePad.png; sourceTree = "<group>"; };
		4871DD68148EE319008D83BB /* PCOTR_SignaturePad@2x.png */ = {isa = PBXFileReference; lastKnownFileType = image.png; path = "PCOTR_SignaturePad@2x.png"; sourceTree = "<group>"; };
		4871DD69148EE319008D83BB /* PCOTR_ToolbarEmail.png */ = {isa = PBXFileReference; lastKnownFileType = image.png; path = PCOTR_ToolbarEmail.png; sourceTree = "<group>"; };
		4871DD6A148EE319008D83BB /* PCOTR_ToolbarMap.png */ = {isa = PBXFileReference; lastKnownFileType = image.png; path = PCOTR_ToolbarMap.png; sourceTree = "<group>"; };
		4871DD6B148EE319008D83BB /* PCOTR_ToolbarPhone.png */ = {isa = PBXFileReference; lastKnownFileType = image.png; path = PCOTR_ToolbarPhone.png; sourceTree = "<group>"; };
		4871DD6C148EE319008D83BB /* PCPaymentViewController.xib */ = {isa = PBXFileReference; fileEncoding = 4; lastKnownFileType = file.xib; path = PCPaymentViewController.xib; sourceTree = "<group>"; };
		4871DD6D148EE319008D83BB /* PCPINViewController.xib */ = {isa = PBXFileReference; fileEncoding = 4; lastKnownFileType = file.xib; path = PCPINViewController.xib; sourceTree = "<group>"; };
		4871DD6E148EE319008D83BB /* PCPreviewViewController.xib */ = {isa = PBXFileReference; fileEncoding = 4; lastKnownFileType = file.xib; path = PCPreviewViewController.xib; sourceTree = "<group>"; };
		4871DD6F148EE319008D83BB /* PCRecipientsViewController.xib */ = {isa = PBXFileReference; fileEncoding = 4; lastKnownFileType = file.xib; path = PCRecipientsViewController.xib; sourceTree = "<group>"; };
		4871DD70148EE319008D83BB /* PCSenderInfoViewController.xib */ = {isa = PBXFileReference; fileEncoding = 4; lastKnownFileType = file.xib; path = PCSenderInfoViewController.xib; sourceTree = "<group>"; };
		4871DD71148EE319008D83BB /* PCSignaturePadViewController.xib */ = {isa = PBXFileReference; fileEncoding = 4; lastKnownFileType = file.xib; path = PCSignaturePadViewController.xib; sourceTree = "<group>"; };
		4871DD72148EE319008D83BB /* PCSmellMailViewController.xib */ = {isa = PBXFileReference; fileEncoding = 4; lastKnownFileType = file.xib; path = PCSmellMailViewController.xib; sourceTree = "<group>"; };
		4871DD73148EE319008D83BB /* PCWorkflowController.h */ = {isa = PBXFileReference; fileEncoding = 4; lastKnownFileType = sourcecode.c.h; path = PCWorkflowController.h; sourceTree = "<group>"; };
		4871DDAA148EE343008D83BB /* libPCOTR SDK.a */ = {isa = PBXFileReference; lastKnownFileType = archive.ar; path = "libPCOTR SDK.a"; sourceTree = "<group>"; };
		4871DDAD148EE580008D83BB /* Security.framework */ = {isa = PBXFileReference; lastKnownFileType = wrapper.framework; name = Security.framework; path = System/Library/Frameworks/Security.framework; sourceTree = SDKROOT; };
		4871DDAF148EE588008D83BB /* libz.dylib */ = {isa = PBXFileReference; lastKnownFileType = "compiled.mach-o.dylib"; name = libz.dylib; path = usr/lib/libz.dylib; sourceTree = SDKROOT; };
		4871DDB1148EE590008D83BB /* AddressBook.framework */ = {isa = PBXFileReference; lastKnownFileType = wrapper.framework; name = AddressBook.framework; path = System/Library/Frameworks/AddressBook.framework; sourceTree = SDKROOT; };
		4871DDB2148EE590008D83BB /* AddressBookUI.framework */ = {isa = PBXFileReference; lastKnownFileType = wrapper.framework; name = AddressBookUI.framework; path = System/Library/Frameworks/AddressBookUI.framework; sourceTree = SDKROOT; };
		4871DDB5148EE599008D83BB /* MobileCoreServices.framework */ = {isa = PBXFileReference; lastKnownFileType = wrapper.framework; name = MobileCoreServices.framework; path = System/Library/Frameworks/MobileCoreServices.framework; sourceTree = SDKROOT; };
		4871DDB7148EE59F008D83BB /* SystemConfiguration.framework */ = {isa = PBXFileReference; lastKnownFileType = wrapper.framework; name = SystemConfiguration.framework; path = System/Library/Frameworks/SystemConfiguration.framework; sourceTree = SDKROOT; };
		4871DDB9148EE5A5008D83BB /* CFNetwork.framework */ = {isa = PBXFileReference; lastKnownFileType = wrapper.framework; name = CFNetwork.framework; path = System/Library/Frameworks/CFNetwork.framework; sourceTree = SDKROOT; };
		4871DDBF148EEBC8008D83BB /* CoreLocation.framework */ = {isa = PBXFileReference; lastKnownFileType = wrapper.framework; name = CoreLocation.framework; path = System/Library/Frameworks/CoreLocation.framework; sourceTree = SDKROOT; };
		48A576561496CFF500A723E6 /* HotelRootViewController.h */ = {isa = PBXFileReference; fileEncoding = 4; lastKnownFileType = sourcecode.c.h; path = HotelRootViewController.h; sourceTree = "<group>"; };
		48A576571496CFF500A723E6 /* HotelRootViewController.m */ = {isa = PBXFileReference; fileEncoding = 4; lastKnownFileType = sourcecode.c.objc; path = HotelRootViewController.m; sourceTree = "<group>"; };
		48A576581496CFF500A723E6 /* HotelRootViewController.xib */ = {isa = PBXFileReference; fileEncoding = 4; lastKnownFileType = file.xib; path = HotelRootViewController.xib; sourceTree = "<group>"; };
		C9363DE2135807B000941D8A /* hotel.app */ = {isa = PBXFileReference; explicitFileType = wrapper.application; includeInIndex = 0; path = hotel.app; sourceTree = BUILT_PRODUCTS_DIR; };
		C9363DE6135807B000941D8A /* UIKit.framework */ = {isa = PBXFileReference; lastKnownFileType = wrapper.framework; name = UIKit.framework; path = System/Library/Frameworks/UIKit.framework; sourceTree = SDKROOT; };
		C9363DE8135807B000941D8A /* Foundation.framework */ = {isa = PBXFileReference; lastKnownFileType = wrapper.framework; name = Foundation.framework; path = System/Library/Frameworks/Foundation.framework; sourceTree = SDKROOT; };
		C9363DEA135807B000941D8A /* CoreGraphics.framework */ = {isa = PBXFileReference; lastKnownFileType = wrapper.framework; name = CoreGraphics.framework; path = System/Library/Frameworks/CoreGraphics.framework; sourceTree = SDKROOT; };
		C9363DEE135807B000941D8A /* hotel-Info.plist */ = {isa = PBXFileReference; lastKnownFileType = text.plist.xml; path = "hotel-Info.plist"; sourceTree = "<group>"; };
		C9363DF0135807B000941D8A /* en */ = {isa = PBXFileReference; lastKnownFileType = text.plist.strings; name = en; path = en.lproj/InfoPlist.strings; sourceTree = "<group>"; };
		C9363DF2135807B000941D8A /* hotel-Prefix.pch */ = {isa = PBXFileReference; lastKnownFileType = sourcecode.c.h; path = "hotel-Prefix.pch"; sourceTree = "<group>"; };
		C9363DF3135807B000941D8A /* main.m */ = {isa = PBXFileReference; lastKnownFileType = sourcecode.c.objc; path = main.m; sourceTree = "<group>"; };
		C9363DF5135807B000941D8A /* hotelAppDelegate.h */ = {isa = PBXFileReference; lastKnownFileType = sourcecode.c.h; path = hotelAppDelegate.h; sourceTree = "<group>"; };
		C9363DF6135807B000941D8A /* hotelAppDelegate.m */ = {isa = PBXFileReference; lastKnownFileType = sourcecode.c.objc; path = hotelAppDelegate.m; sourceTree = "<group>"; };
		C9363DF9135807B000941D8A /* hotelAppDelegate_iPhone.h */ = {isa = PBXFileReference; lastKnownFileType = sourcecode.c.h; name = hotelAppDelegate_iPhone.h; path = iPhone/hotelAppDelegate_iPhone.h; sourceTree = "<group>"; };
		C9363DFA135807B000941D8A /* hotelAppDelegate_iPhone.m */ = {isa = PBXFileReference; lastKnownFileType = sourcecode.c.objc; name = hotelAppDelegate_iPhone.m; path = iPhone/hotelAppDelegate_iPhone.m; sourceTree = "<group>"; };
		C9363DFD135807B000941D8A /* en */ = {isa = PBXFileReference; lastKnownFileType = file.xib; name = en; path = iPhone/en.lproj/MainWindow_iPhone.xib; sourceTree = "<group>"; };
		C9363E00135807B000941D8A /* hotelAppDelegate_iPad.h */ = {isa = PBXFileReference; lastKnownFileType = sourcecode.c.h; name = hotelAppDelegate_iPad.h; path = iPad/hotelAppDelegate_iPad.h; sourceTree = "<group>"; };
		C9363E01135807B000941D8A /* hotelAppDelegate_iPad.m */ = {isa = PBXFileReference; lastKnownFileType = sourcecode.c.objc; name = hotelAppDelegate_iPad.m; path = iPad/hotelAppDelegate_iPad.m; sourceTree = "<group>"; };
		C9363E04135807B000941D8A /* en */ = {isa = PBXFileReference; lastKnownFileType = file.xib; name = en; path = iPad/en.lproj/MainWindow_iPad.xib; sourceTree = "<group>"; };
		C9363E0B135807B000941D8A /* hotelTests.octest */ = {isa = PBXFileReference; explicitFileType = wrapper.cfbundle; includeInIndex = 0; path = hotelTests.octest; sourceTree = BUILT_PRODUCTS_DIR; };
		C9363E13135807B000941D8A /* hotelTests-Info.plist */ = {isa = PBXFileReference; lastKnownFileType = text.plist.xml; path = "hotelTests-Info.plist"; sourceTree = "<group>"; };
		C9363E15135807B000941D8A /* en */ = {isa = PBXFileReference; lastKnownFileType = text.plist.strings; name = en; path = en.lproj/InfoPlist.strings; sourceTree = "<group>"; };
		C9363E17135807B000941D8A /* hotelTests-Prefix.pch */ = {isa = PBXFileReference; lastKnownFileType = sourcecode.c.h; path = "hotelTests-Prefix.pch"; sourceTree = "<group>"; };
		C9363E18135807B000941D8A /* hotelTests.h */ = {isa = PBXFileReference; lastKnownFileType = sourcecode.c.h; path = hotelTests.h; sourceTree = "<group>"; };
		C9363E1A135807B000941D8A /* hotelTests.m */ = {isa = PBXFileReference; lastKnownFileType = sourcecode.c.objc; path = hotelTests.m; sourceTree = "<group>"; };
/* End PBXFileReference section */

/* Begin PBXFrameworksBuildPhase section */
		C9363DDF135807B000941D8A /* Frameworks */ = {
			isa = PBXFrameworksBuildPhase;
			buildActionMask = 2147483647;
			files = (
				4871DDC0148EEBC8008D83BB /* CoreLocation.framework in Frameworks */,
				4871DDBA148EE5A5008D83BB /* CFNetwork.framework in Frameworks */,
				4871DDB8148EE59F008D83BB /* SystemConfiguration.framework in Frameworks */,
				4871DDB6148EE599008D83BB /* MobileCoreServices.framework in Frameworks */,
				4871DDB3148EE590008D83BB /* AddressBook.framework in Frameworks */,
				4871DDB4148EE590008D83BB /* AddressBookUI.framework in Frameworks */,
				4871DDB0148EE589008D83BB /* libz.dylib in Frameworks */,
				4871DDAE148EE580008D83BB /* Security.framework in Frameworks */,
				C9363DE7135807B000941D8A /* UIKit.framework in Frameworks */,
				C9363DE9135807B000941D8A /* Foundation.framework in Frameworks */,
				C9363DEB135807B000941D8A /* CoreGraphics.framework in Frameworks */,
				4871DD38148EE09D008D83BB /* libFlurryAnalytics.a in Frameworks */,
				4871DDAB148EE343008D83BB /* libPCOTR SDK.a in Frameworks */,
			);
			runOnlyForDeploymentPostprocessing = 0;
		};
		C9363E07135807B000941D8A /* Frameworks */ = {
			isa = PBXFrameworksBuildPhase;
			buildActionMask = 2147483647;
			files = (
				C9363E0C135807B000941D8A /* UIKit.framework in Frameworks */,
				C9363E0D135807B000941D8A /* Foundation.framework in Frameworks */,
				C9363E0E135807B000941D8A /* CoreGraphics.framework in Frameworks */,
			);
			runOnlyForDeploymentPostprocessing = 0;
		};
/* End PBXFrameworksBuildPhase section */

/* Begin PBXGroup section */
		4871DD08148EE09D008D83BB /* ASI */ = {
			isa = PBXGroup;
			children = (
				4871DD09148EE09D008D83BB /* ASIAuthenticationDialog.h */,
				4871DD0A148EE09D008D83BB /* ASIAuthenticationDialog.m */,
				4871DD0B148EE09D008D83BB /* ASICacheDelegate.h */,
				4871DD0C148EE09D008D83BB /* ASIDataCompressor.h */,
				4871DD0D148EE09D008D83BB /* ASIDataCompressor.m */,
				4871DD0E148EE09D008D83BB /* ASIDataDecompressor.h */,
				4871DD0F148EE09D008D83BB /* ASIDataDecompressor.m */,
				4871DD10148EE09D008D83BB /* ASIDownloadCache.h */,
				4871DD11148EE09D008D83BB /* ASIDownloadCache.m */,
				4871DD12148EE09D008D83BB /* ASIFormDataRequest.h */,
				4871DD13148EE09D008D83BB /* ASIFormDataRequest.m */,
				4871DD14148EE09D008D83BB /* ASIHTTPRequest.h */,
				4871DD15148EE09D008D83BB /* ASIHTTPRequest.m */,
				4871DD16148EE09D008D83BB /* ASIHTTPRequestConfig.h */,
				4871DD17148EE09D008D83BB /* ASIHTTPRequestDelegate.h */,
				4871DD18148EE09D008D83BB /* ASIInputStream.h */,
				4871DD19148EE09D008D83BB /* ASIInputStream.m */,
				4871DD1A148EE09D008D83BB /* ASINetworkQueue.h */,
				4871DD1B148EE09D008D83BB /* ASINetworkQueue.m */,
				4871DD1C148EE09D008D83BB /* ASIProgressDelegate.h */,
				4871DD1D148EE09D008D83BB /* Reachability.h */,
				4871DD1E148EE09D008D83BB /* Reachability.m */,
			);
			path = ASI;
			sourceTree = "<group>";
		};
		4871DD1F148EE09D008D83BB /* DSActivityView */ = {
			isa = PBXGroup;
			children = (
				4871DD20148EE09D008D83BB /* DSActivityView.h */,
				4871DD21148EE09D008D83BB /* DSActivityView.m */,
			);
			path = DSActivityView;
			sourceTree = "<group>";
		};
		4871DD22148EE09D008D83BB /* Flurry */ = {
			isa = PBXGroup;
			children = (
				4871DD23148EE09D008D83BB /* libFlurryAnalytics.a */,
			);
			path = Flurry;
			sourceTree = "<group>";
		};
		4871DD24148EE09D008D83BB /* JSONKit */ = {
			isa = PBXGroup;
			children = (
				4871DD25148EE09D008D83BB /* JSONKit.h */,
				4871DD26148EE09D008D83BB /* JSONKit.m */,
			);
			path = JSONKit;
			sourceTree = "<group>";
		};
		4871DD27148EE09D008D83BB /* UIImage+Resize */ = {
			isa = PBXGroup;
			children = (
				4871DD28148EE09D008D83BB /* UIImage+Alpha.h */,
				4871DD29148EE09D008D83BB /* UIImage+Alpha.m */,
				4871DD2A148EE09D008D83BB /* UIImage+Resize.h */,
				4871DD2B148EE09D008D83BB /* UIImage+Resize.m */,
				4871DD2C148EE09D008D83BB /* UIImage+RoundedCorner.h */,
				4871DD2D148EE09D008D83BB /* UIImage+RoundedCorner.m */,
			);
			path = "UIImage+Resize";
			sourceTree = "<group>";
		};
		4871DD3D148EE0A5008D83BB /* Third Party */ = {
			isa = PBXGroup;
			children = (
				4871DD08148EE09D008D83BB /* ASI */,
				4871DD1F148EE09D008D83BB /* DSActivityView */,
				4871DD22148EE09D008D83BB /* Flurry */,
				4871DD24148EE09D008D83BB /* JSONKit */,
				4871DD27148EE09D008D83BB /* UIImage+Resize */,
			);
			name = "Third Party";
			sourceTree = "<group>";
		};
		4871DDA9148EE324008D83BB /* Resources */ = {
			isa = PBXGroup;
			children = (
				4871DD3E148EE319008D83BB /* certificate.der */,
				4871DD3F148EE319008D83BB /* PCCropPhotoViewController.xib */,
				4871DD40148EE319008D83BB /* PCCustomRecipientViewController.xib */,
				4871DD41148EE319008D83BB /* PCGPSMapImageViewController.xib */,
				4871DD42148EE319008D83BB /* PCMessageViewController.xib */,
				4871DD43148EE319008D83BB /* PCOTR_Accent.png */,
				4871DD44148EE319008D83BB /* PCOTR_Accent@2x.png */,
				4871DD45148EE319008D83BB /* PCOTR_AddressBookButton.png */,
				4871DD46148EE319008D83BB /* PCOTR_AddressBookButton@2x.png */,
				4871DD47148EE319008D83BB /* PCOTR_ArrowButton.png */,
				4871DD48148EE319008D83BB /* PCOTR_ArrowButton@2x.png */,
				4871DD49148EE319008D83BB /* PCOTR_Background.png */,
				4871DD4A148EE319008D83BB /* PCOTR_Background@x2.png */,
				4871DD4B148EE319008D83BB /* PCOTR_Button.png */,
				4871DD4C148EE319008D83BB /* PCOTR_Button@2x.png */,
				4871DD4D148EE319008D83BB /* PCOTR_CardBack.png */,
				4871DD4E148EE319008D83BB /* PCOTR_ContactsBackground.png */,
				4871DD4F148EE319008D83BB /* PCOTR_ContactsBackground@2x.png */,
				4871DD50148EE319008D83BB /* PCOTR_CreditCards.png */,
				4871DD51148EE319008D83BB /* PCOTR_CreditCards@2x.png */,
				4871DD52148EE319008D83BB /* PCOTR_CropPhotoCoachnote.png */,
				4871DD53148EE319008D83BB /* PCOTR_CropPhotoCoachnote@2x.png */,
				4871DD54148EE319008D83BB /* PCOTR_DarkBackground.png */,
				4871DD55148EE319008D83BB /* PCOTR_DarkBackground@2x.png */,
				4871DD56148EE319008D83BB /* PCOTR_DoneDown.png */,
				4871DD57148EE319008D83BB /* PCOTR_DoneUp.png */,
				4871DD58148EE319008D83BB /* PCOTR_GroupsButton.png */,
				4871DD59148EE319008D83BB /* PCOTR_GroupsButton@2x.png */,
				4871DD5A148EE319008D83BB /* PCOTR_Lock.png */,
				4871DD5B148EE319008D83BB /* PCOTR_Lock@2x.png */,
				4871DD5C148EE319008D83BB /* PCOTR_NewContactButton.png */,
				4871DD5D148EE319008D83BB /* PCOTR_NewContactButton@2x.png */,
				4871DD5E148EE319008D83BB /* PCOTR_PreviewInstructions.png */,
				4871DD5F148EE319008D83BB /* PCOTR_PreviewInstructions@2x.png */,
				4871DD60148EE319008D83BB /* PCOTR_RecipientsCoachmark.png */,
				4871DD61148EE319008D83BB /* PCOTR_RecipientsCoachmark@2x.png */,
				4871DD62148EE319008D83BB /* PCOTR_SenderInfoCoachmark.png */,
				4871DD63148EE319008D83BB /* PCOTR_SenderInfoCoachmark@2x.png */,
				4871DD64148EE319008D83BB /* PCOTR_Shadow.png */,
				4871DD65148EE319008D83BB /* PCOTR_SignatureCoachmark.png */,
				4871DD66148EE319008D83BB /* PCOTR_SignatureCoachmark@2x.png */,
				4871DD67148EE319008D83BB /* PCOTR_SignaturePad.png */,
				4871DD68148EE319008D83BB /* PCOTR_SignaturePad@2x.png */,
				4871DD69148EE319008D83BB /* PCOTR_ToolbarEmail.png */,
				4871DD6A148EE319008D83BB /* PCOTR_ToolbarMap.png */,
				4871DD6B148EE319008D83BB /* PCOTR_ToolbarPhone.png */,
				4871DD6C148EE319008D83BB /* PCPaymentViewController.xib */,
				4871DD6D148EE319008D83BB /* PCPINViewController.xib */,
				4871DD6E148EE319008D83BB /* PCPreviewViewController.xib */,
				4871DD6F148EE319008D83BB /* PCRecipientsViewController.xib */,
				4871DD70148EE319008D83BB /* PCSenderInfoViewController.xib */,
				4871DD71148EE319008D83BB /* PCSignaturePadViewController.xib */,
				4871DD72148EE319008D83BB /* PCSmellMailViewController.xib */,
				4871DD73148EE319008D83BB /* PCWorkflowController.h */,
			);
			name = Resources;
			sourceTree = "<group>";
		};
		4871DDAC148EE349008D83BB /* POTR */ = {
			isa = PBXGroup;
			children = (
				4871DDAA148EE343008D83BB /* libPCOTR SDK.a */,
				4871DDA9148EE324008D83BB /* Resources */,
				4871DD3D148EE0A5008D83BB /* Third Party */,
			);
			name = POTR;
			sourceTree = "<group>";
		};
		C9363DD7135807B000941D8A = {
			isa = PBXGroup;
			children = (
				4871DCEA148ED87F008D83BB /* bottom_button_ipad.png */,
				4871DCEB148ED87F008D83BB /* bottom_button_iphone.png */,
				4871DCEC148ED87F008D83BB /* Default-Landscape~ipad.png */,
				4871DCED148ED87F008D83BB /* Default-Portrait~ipad.png */,
				4871DCEE148ED87F008D83BB /* Default.png */,
				4871DCEF148ED87F008D83BB /* Default@2x.png */,
				4871DCF0148ED87F008D83BB /* Icon_57.png */,
				4871DCF1148ED87F008D83BB /* Icon_72.png */,
				4871DCF2148ED87F008D83BB /* Icon_114.png */,
				4871DCFC148ED896008D83BB /* ipad_bg.png */,
				4871DCFD148ED896008D83BB /* ipad_loading.png */,
				4871DCFE148ED896008D83BB /* ipad_screen.png */,
				4871DCFF148ED896008D83BB /* iphone_bg.png */,
				4871DD00148ED896008D83BB /* iphone_loading.png */,
				4871DD01148ED896008D83BB /* iphone_screen.png */,
				48508348149FE81B00DD2F2D /* btn_vic_postcard@2x.png */,
				48508349149FE81B00DD2F2D /* btn_vic_home@2x.png */,
				4850834A149FE81B00DD2F2D /* btn_vic_home.png */,
				4850834B149FE81B00DD2F2D /* btn_vic_postcard.png */,
				C9363DEC135807B000941D8A /* hotel */,
				C9363E11135807B000941D8A /* hotelTests */,
				C9363DE5135807B000941D8A /* Frameworks */,
				C9363DE3135807B000941D8A /* Products */,
			);
			sourceTree = "<group>";
		};
		C9363DE3135807B000941D8A /* Products */ = {
			isa = PBXGroup;
			children = (
				C9363DE2135807B000941D8A /* hotel.app */,
				C9363E0B135807B000941D8A /* hotelTests.octest */,
			);
			name = Products;
			sourceTree = "<group>";
		};
		C9363DE5135807B000941D8A /* Frameworks */ = {
			isa = PBXGroup;
			children = (
				4871DDBF148EEBC8008D83BB /* CoreLocation.framework */,
				4871DDB9148EE5A5008D83BB /* CFNetwork.framework */,
				4871DDB7148EE59F008D83BB /* SystemConfiguration.framework */,
				4871DDB5148EE599008D83BB /* MobileCoreServices.framework */,
				4871DDB1148EE590008D83BB /* AddressBook.framework */,
				4871DDB2148EE590008D83BB /* AddressBookUI.framework */,
				4871DDAF148EE588008D83BB /* libz.dylib */,
				4871DDAD148EE580008D83BB /* Security.framework */,
				C9363DE6135807B000941D8A /* UIKit.framework */,
				C9363DE8135807B000941D8A /* Foundation.framework */,
				C9363DEA135807B000941D8A /* CoreGraphics.framework */,
			);
			name = Frameworks;
			sourceTree = "<group>";
		};
		C9363DEC135807B000941D8A /* hotel */ = {
			isa = PBXGroup;
			children = (
				4871DDAC148EE349008D83BB /* POTR */,
				C9363DF5135807B000941D8A /* hotelAppDelegate.h */,
				C9363DF6135807B000941D8A /* hotelAppDelegate.m */,
				C9363DF8135807B000941D8A /* iPhone */,
				C9363DFF135807B000941D8A /* iPad */,
				C9363DED135807B000941D8A /* Supporting Files */,
			);
			path = hotel;
			sourceTree = "<group>";
		};
		C9363DED135807B000941D8A /* Supporting Files */ = {
			isa = PBXGroup;
			children = (
				C9363DEE135807B000941D8A /* hotel-Info.plist */,
				C9363DEF135807B000941D8A /* InfoPlist.strings */,
				C9363DF2135807B000941D8A /* hotel-Prefix.pch */,
				C9363DF3135807B000941D8A /* main.m */,
			);
			name = "Supporting Files";
			sourceTree = "<group>";
		};
		C9363DF8135807B000941D8A /* iPhone */ = {
			isa = PBXGroup;
			children = (
				C9363DF9135807B000941D8A /* hotelAppDelegate_iPhone.h */,
				C9363DFA135807B000941D8A /* hotelAppDelegate_iPhone.m */,
				C9363DFC135807B000941D8A /* MainWindow_iPhone.xib */,
				48A576561496CFF500A723E6 /* HotelRootViewController.h */,
				48A576571496CFF500A723E6 /* HotelRootViewController.m */,
				48A576581496CFF500A723E6 /* HotelRootViewController.xib */,
			);
			name = iPhone;
			sourceTree = "<group>";
		};
		C9363DFF135807B000941D8A /* iPad */ = {
			isa = PBXGroup;
			children = (
				C9363E00135807B000941D8A /* hotelAppDelegate_iPad.h */,
				C9363E01135807B000941D8A /* hotelAppDelegate_iPad.m */,
				C9363E03135807B000941D8A /* MainWindow_iPad.xib */,
			);
			name = iPad;
			sourceTree = "<group>";
		};
		C9363E11135807B000941D8A /* hotelTests */ = {
			isa = PBXGroup;
			children = (
				C9363E18135807B000941D8A /* hotelTests.h */,
				C9363E1A135807B000941D8A /* hotelTests.m */,
				C9363E12135807B000941D8A /* Supporting Files */,
			);
			path = hotelTests;
			sourceTree = "<group>";
		};
		C9363E12135807B000941D8A /* Supporting Files */ = {
			isa = PBXGroup;
			children = (
				C9363E13135807B000941D8A /* hotelTests-Info.plist */,
				C9363E14135807B000941D8A /* InfoPlist.strings */,
				C9363E17135807B000941D8A /* hotelTests-Prefix.pch */,
			);
			name = "Supporting Files";
			sourceTree = "<group>";
		};
/* End PBXGroup section */

/* Begin PBXNativeTarget section */
		C9363DE1135807B000941D8A /* hotel */ = {
			isa = PBXNativeTarget;
			buildConfigurationList = C9363E1E135807B000941D8A /* Build configuration list for PBXNativeTarget "hotel" */;
			buildPhases = (
				C9363DDE135807B000941D8A /* Sources */,
				C9363DDF135807B000941D8A /* Frameworks */,
				C9363DE0135807B000941D8A /* Resources */,
			);
			buildRules = (
			);
			dependencies = (
			);
			name = hotel;
			productName = hotel;
			productReference = C9363DE2135807B000941D8A /* hotel.app */;
			productType = "com.apple.product-type.application";
		};
		C9363E0A135807B000941D8A /* hotelTests */ = {
			isa = PBXNativeTarget;
			buildConfigurationList = C9363E21135807B000941D8A /* Build configuration list for PBXNativeTarget "hotelTests" */;
			buildPhases = (
				C9363E06135807B000941D8A /* Sources */,
				C9363E07135807B000941D8A /* Frameworks */,
				C9363E08135807B000941D8A /* Resources */,
				C9363E09135807B000941D8A /* ShellScript */,
			);
			buildRules = (
			);
			dependencies = (
				C9363E10135807B000941D8A /* PBXTargetDependency */,
			);
			name = hotelTests;
			productName = hotelTests;
			productReference = C9363E0B135807B000941D8A /* hotelTests.octest */;
			productType = "com.apple.product-type.bundle";
		};
/* End PBXNativeTarget section */

/* Begin PBXProject section */
		C9363DD9135807B000941D8A /* Project object */ = {
			isa = PBXProject;
			buildConfigurationList = C9363DDC135807B000941D8A /* Build configuration list for PBXProject "hotel" */;
			compatibilityVersion = "Xcode 3.2";
			developmentRegion = English;
			hasScannedForEncodings = 0;
			knownRegions = (
				en,
			);
			mainGroup = C9363DD7135807B000941D8A;
			productRefGroup = C9363DE3135807B000941D8A /* Products */;
			projectDirPath = "";
			projectRoot = "";
			targets = (
				C9363DE1135807B000941D8A /* hotel */,
				C9363E0A135807B000941D8A /* hotelTests */,
				69B9AE871373631F0017EC40 /* IPA */,
			);
		};
/* End PBXProject section */

/* Begin PBXResourcesBuildPhase section */
		C9363DE0135807B000941D8A /* Resources */ = {
			isa = PBXResourcesBuildPhase;
			buildActionMask = 2147483647;
			files = (
				C9363DF1135807B000941D8A /* InfoPlist.strings in Resources */,
				C9363DFE135807B000941D8A /* MainWindow_iPhone.xib in Resources */,
				C9363E05135807B000941D8A /* MainWindow_iPad.xib in Resources */,
				4871DCF3148ED87F008D83BB /* bottom_button_ipad.png in Resources */,
				4871DCF4148ED87F008D83BB /* bottom_button_iphone.png in Resources */,
				4871DCF5148ED87F008D83BB /* Default-Landscape~ipad.png in Resources */,
				4871DCF6148ED87F008D83BB /* Default-Portrait~ipad.png in Resources */,
				4871DCF7148ED87F008D83BB /* Default.png in Resources */,
				4871DCF8148ED87F008D83BB /* Default@2x.png in Resources */,
				4871DCF9148ED87F008D83BB /* Icon_57.png in Resources */,
				4871DCFA148ED87F008D83BB /* Icon_72.png in Resources */,
				4871DCFB148ED87F008D83BB /* Icon_114.png in Resources */,
				4871DD02148ED896008D83BB /* ipad_bg.png in Resources */,
				4871DD03148ED896008D83BB /* ipad_loading.png in Resources */,
				4871DD04148ED896008D83BB /* ipad_screen.png in Resources */,
				4871DD05148ED896008D83BB /* iphone_bg.png in Resources */,
				4871DD06148ED896008D83BB /* iphone_loading.png in Resources */,
				4871DD07148ED896008D83BB /* iphone_screen.png in Resources */,
				4871DD74148EE319008D83BB /* certificate.der in Resources */,
				4871DD75148EE319008D83BB /* PCCropPhotoViewController.xib in Resources */,
				4871DD76148EE319008D83BB /* PCCustomRecipientViewController.xib in Resources */,
				4871DD77148EE319008D83BB /* PCGPSMapImageViewController.xib in Resources */,
				4871DD78148EE319008D83BB /* PCMessageViewController.xib in Resources */,
				4871DD79148EE319008D83BB /* PCOTR_Accent.png in Resources */,
				4871DD7A148EE319008D83BB /* PCOTR_Accent@2x.png in Resources */,
				4871DD7B148EE319008D83BB /* PCOTR_AddressBookButton.png in Resources */,
				4871DD7C148EE319008D83BB /* PCOTR_AddressBookButton@2x.png in Resources */,
				4871DD7D148EE319008D83BB /* PCOTR_ArrowButton.png in Resources */,
				4871DD7E148EE319008D83BB /* PCOTR_ArrowButton@2x.png in Resources */,
				4871DD7F148EE319008D83BB /* PCOTR_Background.png in Resources */,
				4871DD80148EE319008D83BB /* PCOTR_Background@x2.png in Resources */,
				4871DD81148EE319008D83BB /* PCOTR_Button.png in Resources */,
				4871DD82148EE319008D83BB /* PCOTR_Button@2x.png in Resources */,
				4871DD83148EE319008D83BB /* PCOTR_CardBack.png in Resources */,
				4871DD84148EE319008D83BB /* PCOTR_ContactsBackground.png in Resources */,
				4871DD85148EE319008D83BB /* PCOTR_ContactsBackground@2x.png in Resources */,
				4871DD86148EE319008D83BB /* PCOTR_CreditCards.png in Resources */,
				4871DD87148EE319008D83BB /* PCOTR_CreditCards@2x.png in Resources */,
				4871DD88148EE319008D83BB /* PCOTR_CropPhotoCoachnote.png in Resources */,
				4871DD89148EE319008D83BB /* PCOTR_CropPhotoCoachnote@2x.png in Resources */,
				4871DD8A148EE319008D83BB /* PCOTR_DarkBackground.png in Resources */,
				4871DD8B148EE319008D83BB /* PCOTR_DarkBackground@2x.png in Resources */,
				4871DD8C148EE319008D83BB /* PCOTR_DoneDown.png in Resources */,
				4871DD8D148EE319008D83BB /* PCOTR_DoneUp.png in Resources */,
				4871DD8E148EE319008D83BB /* PCOTR_GroupsButton.png in Resources */,
				4871DD8F148EE319008D83BB /* PCOTR_GroupsButton@2x.png in Resources */,
				4871DD90148EE319008D83BB /* PCOTR_Lock.png in Resources */,
				4871DD91148EE319008D83BB /* PCOTR_Lock@2x.png in Resources */,
				4871DD92148EE319008D83BB /* PCOTR_NewContactButton.png in Resources */,
				4871DD93148EE319008D83BB /* PCOTR_NewContactButton@2x.png in Resources */,
				4871DD94148EE319008D83BB /* PCOTR_PreviewInstructions.png in Resources */,
				4871DD95148EE319008D83BB /* PCOTR_PreviewInstructions@2x.png in Resources */,
				4871DD96148EE319008D83BB /* PCOTR_RecipientsCoachmark.png in Resources */,
				4871DD97148EE319008D83BB /* PCOTR_RecipientsCoachmark@2x.png in Resources */,
				4871DD98148EE319008D83BB /* PCOTR_SenderInfoCoachmark.png in Resources */,
				4871DD99148EE319008D83BB /* PCOTR_SenderInfoCoachmark@2x.png in Resources */,
				4871DD9A148EE319008D83BB /* PCOTR_Shadow.png in Resources */,
				4871DD9B148EE319008D83BB /* PCOTR_SignatureCoachmark.png in Resources */,
				4871DD9C148EE319008D83BB /* PCOTR_SignatureCoachmark@2x.png in Resources */,
				4871DD9D148EE319008D83BB /* PCOTR_SignaturePad.png in Resources */,
				4871DD9E148EE319008D83BB /* PCOTR_SignaturePad@2x.png in Resources */,
				4871DD9F148EE319008D83BB /* PCOTR_ToolbarEmail.png in Resources */,
				4871DDA0148EE319008D83BB /* PCOTR_ToolbarMap.png in Resources */,
				4871DDA1148EE319008D83BB /* PCOTR_ToolbarPhone.png in Resources */,
				4871DDA2148EE319008D83BB /* PCPaymentViewController.xib in Resources */,
				4871DDA3148EE319008D83BB /* PCPINViewController.xib in Resources */,
				4871DDA4148EE319008D83BB /* PCPreviewViewController.xib in Resources */,
				4871DDA5148EE319008D83BB /* PCRecipientsViewController.xib in Resources */,
				4871DDA6148EE319008D83BB /* PCSenderInfoViewController.xib in Resources */,
				4871DDA7148EE319008D83BB /* PCSignaturePadViewController.xib in Resources */,
				4871DDA8148EE319008D83BB /* PCSmellMailViewController.xib in Resources */,
				48A5765A1496CFF500A723E6 /* HotelRootViewController.xib in Resources */,
				4850834C149FE81B00DD2F2D /* btn_vic_postcard@2x.png in Resources */,
				4850834D149FE81B00DD2F2D /* btn_vic_home@2x.png in Resources */,
				4850834E149FE81B00DD2F2D /* btn_vic_home.png in Resources */,
				4850834F149FE81B00DD2F2D /* btn_vic_postcard.png in Resources */,
			);
			runOnlyForDeploymentPostprocessing = 0;
		};
		C9363E08135807B000941D8A /* Resources */ = {
			isa = PBXResourcesBuildPhase;
			buildActionMask = 2147483647;
			files = (
				C9363E16135807B000941D8A /* InfoPlist.strings in Resources */,
				C9363E19135807B000941D8A /* hotelTests.h in Resources */,
			);
			runOnlyForDeploymentPostprocessing = 0;
		};
/* End PBXResourcesBuildPhase section */

/* Begin PBXShellScriptBuildPhase section */
		69B9AE8F137366C20017EC40 /* ShellScript */ = {
			isa = PBXShellScriptBuildPhase;
			buildActionMask = 2147483647;
			files = (
			);
			inputPaths = (
			);
			outputPaths = (
			);
			runOnlyForDeploymentPostprocessing = 0;
			shellPath = /bin/sh;
			shellScript = "/bin/mkdir $CONFIGURATION_BUILD_DIR/Payload\n\n/bin/cp -R $CONFIGURATION_BUILD_DIR/hotel.app $CONFIGURATION_BUILD_DIR/Payload\n\n/bin/cp app_store_icon.png $CONFIGURATION_BUILD_DIR/iTunesArtwork\n\ncd $CONFIGURATION_BUILD_DIR\n\n# zip up the HelloWorld directory\n\n/usr/bin/zip -r hotel.ipa Payload iTunesArtwork";
		};
		C9363E09135807B000941D8A /* ShellScript */ = {
			isa = PBXShellScriptBuildPhase;
			buildActionMask = 2147483647;
			files = (
			);
			inputPaths = (
			);
			outputPaths = (
			);
			runOnlyForDeploymentPostprocessing = 0;
			shellPath = /bin/sh;
			shellScript = "# Run the unit tests in this test bundle.\n\"${SYSTEM_DEVELOPER_DIR}/Tools/RunUnitTests\"\n";
		};
/* End PBXShellScriptBuildPhase section */

/* Begin PBXSourcesBuildPhase section */
		C9363DDE135807B000941D8A /* Sources */ = {
			isa = PBXSourcesBuildPhase;
			buildActionMask = 2147483647;
			files = (
				C9363DF4135807B000941D8A /* main.m in Sources */,
				C9363DF7135807B000941D8A /* hotelAppDelegate.m in Sources */,
				C9363DFB135807B000941D8A /* hotelAppDelegate_iPhone.m in Sources */,
				C9363E02135807B000941D8A /* hotelAppDelegate_iPad.m in Sources */,
				4871DD2E148EE09D008D83BB /* ASIAuthenticationDialog.m in Sources */,
				4871DD2F148EE09D008D83BB /* ASIDataCompressor.m in Sources */,
				4871DD30148EE09D008D83BB /* ASIDataDecompressor.m in Sources */,
				4871DD31148EE09D008D83BB /* ASIDownloadCache.m in Sources */,
				4871DD32148EE09D008D83BB /* ASIFormDataRequest.m in Sources */,
				4871DD33148EE09D008D83BB /* ASIHTTPRequest.m in Sources */,
				4871DD34148EE09D008D83BB /* ASIInputStream.m in Sources */,
				4871DD35148EE09D008D83BB /* ASINetworkQueue.m in Sources */,
				4871DD36148EE09D008D83BB /* Reachability.m in Sources */,
				4871DD37148EE09D008D83BB /* DSActivityView.m in Sources */,
				4871DD39148EE09D008D83BB /* JSONKit.m in Sources */,
				4871DD3A148EE09D008D83BB /* UIImage+Alpha.m in Sources */,
				4871DD3B148EE09D008D83BB /* UIImage+Resize.m in Sources */,
				4871DD3C148EE09D008D83BB /* UIImage+RoundedCorner.m in Sources */,
				48A576591496CFF500A723E6 /* HotelRootViewController.m in Sources */,
			);
			runOnlyForDeploymentPostprocessing = 0;
		};
		C9363E06135807B000941D8A /* Sources */ = {
			isa = PBXSourcesBuildPhase;
			buildActionMask = 2147483647;
			files = (
				C9363E1B135807B000941D8A /* hotelTests.m in Sources */,
			);
			runOnlyForDeploymentPostprocessing = 0;
		};
/* End PBXSourcesBuildPhase section */

/* Begin PBXTargetDependency section */
		69B9AE8D137363D30017EC40 /* PBXTargetDependency */ = {
			isa = PBXTargetDependency;
			target = C9363DE1135807B000941D8A /* hotel */;
			targetProxy = 69B9AE8C137363D30017EC40 /* PBXContainerItemProxy */;
		};
		C9363E10135807B000941D8A /* PBXTargetDependency */ = {
			isa = PBXTargetDependency;
			target = C9363DE1135807B000941D8A /* hotel */;
			targetProxy = C9363E0F135807B000941D8A /* PBXContainerItemProxy */;
		};
/* End PBXTargetDependency section */

/* Begin PBXVariantGroup section */
		C9363DEF135807B000941D8A /* InfoPlist.strings */ = {
			isa = PBXVariantGroup;
			children = (
				C9363DF0135807B000941D8A /* en */,
			);
			name = InfoPlist.strings;
			sourceTree = "<group>";
		};
		C9363DFC135807B000941D8A /* MainWindow_iPhone.xib */ = {
			isa = PBXVariantGroup;
			children = (
				C9363DFD135807B000941D8A /* en */,
			);
			name = MainWindow_iPhone.xib;
			sourceTree = "<group>";
		};
		C9363E03135807B000941D8A /* MainWindow_iPad.xib */ = {
			isa = PBXVariantGroup;
			children = (
				C9363E04135807B000941D8A /* en */,
			);
			name = MainWindow_iPad.xib;
			sourceTree = "<group>";
		};
		C9363E14135807B000941D8A /* InfoPlist.strings */ = {
			isa = PBXVariantGroup;
			children = (
				C9363E15135807B000941D8A /* en */,
			);
			name = InfoPlist.strings;
			sourceTree = "<group>";
		};
/* End PBXVariantGroup section */

/* Begin XCBuildConfiguration section */
		69B9AE881373631F0017EC40 /* Debug */ = {
			isa = XCBuildConfiguration;
			buildSettings = {
				PRODUCT_NAME = "$(TARGET_NAME)";
			};
			name = Debug;
		};
		69B9AE891373631F0017EC40 /* Release */ = {
			isa = XCBuildConfiguration;
			buildSettings = {
				PRODUCT_NAME = "$(TARGET_NAME)";
			};
			name = Release;
		};
		C9363E1C135807B000941D8A /* Debug */ = {
			isa = XCBuildConfiguration;
			buildSettings = {
				ARCHS = "$(ARCHS_STANDARD_32_BIT)";
				CODE_SIGN_IDENTITY = "iPhone Developer";
				"CODE_SIGN_IDENTITY[sdk=iphoneos*]" = "iPhone Developer";
				GCC_C_LANGUAGE_STANDARD = gnu99;
				GCC_OPTIMIZATION_LEVEL = 0;
				GCC_PREPROCESSOR_DEFINITIONS = DEBUG;
				GCC_SYMBOLS_PRIVATE_EXTERN = NO;
				GCC_VERSION = com.apple.compilers.llvmgcc42;
				GCC_WARN_ABOUT_RETURN_TYPE = YES;
				GCC_WARN_UNUSED_VARIABLE = YES;
				IPHONEOS_DEPLOYMENT_TARGET = 3.2;
				PROVISIONING_PROFILE = "";
				"PROVISIONING_PROFILE[sdk=iphoneos*]" = "";
				SDKROOT = iphoneos;
				TARGETED_DEVICE_FAMILY = "1,2";
			};
			name = Debug;
		};
		C9363E1D135807B000941D8A /* Release */ = {
			isa = XCBuildConfiguration;
			buildSettings = {
				ARCHS = "$(ARCHS_STANDARD_32_BIT)";
				CODE_SIGN_IDENTITY = "iPhone Developer";
				"CODE_SIGN_IDENTITY[sdk=iphoneos*]" = "iPhone Developer";
				GCC_C_LANGUAGE_STANDARD = gnu99;
				GCC_VERSION = com.apple.compilers.llvmgcc42;
				GCC_WARN_ABOUT_RETURN_TYPE = YES;
				GCC_WARN_UNUSED_VARIABLE = YES;
				IPHONEOS_DEPLOYMENT_TARGET = 3.2;
				OTHER_CFLAGS = "-DNS_BLOCK_ASSERTIONS=1";
				PROVISIONING_PROFILE = "";
				"PROVISIONING_PROFILE[sdk=iphoneos*]" = "";
				SDKROOT = iphoneos;
				TARGETED_DEVICE_FAMILY = "1,2";
			};
			name = Release;
		};
		C9363E1F135807B000941D8A /* Debug */ = {
			isa = XCBuildConfiguration;
			buildSettings = {
				ALWAYS_SEARCH_USER_PATHS = NO;
				CODE_SIGN_IDENTITY = "iPhone Developer";
				"CODE_SIGN_IDENTITY[sdk=iphoneos*]" = "iPhone Developer";
				COPY_PHASE_STRIP = NO;
				GCC_DYNAMIC_NO_PIC = NO;
				GCC_PRECOMPILE_PREFIX_HEADER = YES;
				GCC_PREFIX_HEADER = "hotel/hotel-Prefix.pch";
				INFOPLIST_FILE = "hotel/hotel-Info.plist";
				IPHONEOS_DEPLOYMENT_TARGET = 3.2;
				LIBRARY_SEARCH_PATHS = (
					"$(inherited)",
					"\"$(SRCROOT)/hotel/Flurry\"",
					"\"$(SRCROOT)/hotel\"",
				);
				PRODUCT_NAME = "$(TARGET_NAME)";
				PROVISIONING_PROFILE = "";
				"PROVISIONING_PROFILE[sdk=iphoneos*]" = "";
				TARGETED_DEVICE_FAMILY = "1,2";
				WRAPPER_EXTENSION = app;
			};
			name = Debug;
		};
		C9363E20135807B000941D8A /* Release */ = {
			isa = XCBuildConfiguration;
			buildSettings = {
				ALWAYS_SEARCH_USER_PATHS = NO;
				CODE_SIGN_IDENTITY = "iPhone Developer";
				"CODE_SIGN_IDENTITY[sdk=iphoneos*]" = "iPhone Developer";
				COPY_PHASE_STRIP = YES;
				GCC_PRECOMPILE_PREFIX_HEADER = YES;
				GCC_PREFIX_HEADER = "hotel/hotel-Prefix.pch";
				INFOPLIST_FILE = "hotel/hotel-Info.plist";
				IPHONEOS_DEPLOYMENT_TARGET = 3.2;
				LIBRARY_SEARCH_PATHS = (
					"$(inherited)",
					"\"$(SRCROOT)/hotel/Flurry\"",
					"\"$(SRCROOT)/hotel\"",
				);
				PRODUCT_NAME = "$(TARGET_NAME)";
				PROVISIONING_PROFILE = "";
				"PROVISIONING_PROFILE[sdk=iphoneos*]" = "";
				TARGETED_DEVICE_FAMILY = "1,2";
				VALIDATE_PRODUCT = YES;
				WRAPPER_EXTENSION = app;
			};
			name = Release;
		};
		C9363E22135807B000941D8A /* Debug */ = {
			isa = XCBuildConfiguration;
			buildSettings = {
				ALWAYS_SEARCH_USER_PATHS = NO;
				BUNDLE_LOADER = "$(BUILT_PRODUCTS_DIR)/hotel.app/hotel";
				FRAMEWORK_SEARCH_PATHS = (
					"$(SDKROOT)/Developer/Library/Frameworks",
					"$(DEVELOPER_LIBRARY_DIR)/Frameworks",
				);
				GCC_PRECOMPILE_PREFIX_HEADER = YES;
				GCC_PREFIX_HEADER = "hotelTests/hotelTests-Prefix.pch";
				INFOPLIST_FILE = "hotelTests/hotelTests-Info.plist";
				OTHER_LDFLAGS = (
					"-framework",
					SenTestingKit,
				);
				PRODUCT_NAME = "$(TARGET_NAME)";
				TEST_HOST = "$(BUNDLE_LOADER)";
				WRAPPER_EXTENSION = octest;
			};
			name = Debug;
		};
		C9363E23135807B000941D8A /* Release */ = {
			isa = XCBuildConfiguration;
			buildSettings = {
				ALWAYS_SEARCH_USER_PATHS = NO;
				BUNDLE_LOADER = "$(BUILT_PRODUCTS_DIR)/hotel.app/hotel";
				FRAMEWORK_SEARCH_PATHS = (
					"$(SDKROOT)/Developer/Library/Frameworks",
					"$(DEVELOPER_LIBRARY_DIR)/Frameworks",
				);
				GCC_PRECOMPILE_PREFIX_HEADER = YES;
				GCC_PREFIX_HEADER = "hotelTests/hotelTests-Prefix.pch";
				INFOPLIST_FILE = "hotelTests/hotelTests-Info.plist";
				OTHER_LDFLAGS = (
					"-framework",
					SenTestingKit,
				);
				PRODUCT_NAME = "$(TARGET_NAME)";
				TEST_HOST = "$(BUNDLE_LOADER)";
				WRAPPER_EXTENSION = octest;
			};
			name = Release;
		};
/* End XCBuildConfiguration section */

/* Begin XCConfigurationList section */
		69B9AE8A1373631F0017EC40 /* Build configuration list for PBXAggregateTarget "IPA" */ = {
			isa = XCConfigurationList;
			buildConfigurations = (
				69B9AE881373631F0017EC40 /* Debug */,
				69B9AE891373631F0017EC40 /* Release */,
			);
			defaultConfigurationIsVisible = 0;
			defaultConfigurationName = Release;
		};
		C9363DDC135807B000941D8A /* Build configuration list for PBXProject "hotel" */ = {
			isa = XCConfigurationList;
			buildConfigurations = (
				C9363E1C135807B000941D8A /* Debug */,
				C9363E1D135807B000941D8A /* Release */,
			);
			defaultConfigurationIsVisible = 0;
			defaultConfigurationName = Release;
		};
		C9363E1E135807B000941D8A /* Build configuration list for PBXNativeTarget "hotel" */ = {
			isa = XCConfigurationList;
			buildConfigurations = (
				C9363E1F135807B000941D8A /* Debug */,
				C9363E20135807B000941D8A /* Release */,
			);
			defaultConfigurationIsVisible = 0;
			defaultConfigurationName = Release;
		};
		C9363E21135807B000941D8A /* Build configuration list for PBXNativeTarget "hotelTests" */ = {
			isa = XCConfigurationList;
			buildConfigurations = (
				C9363E22135807B000941D8A /* Debug */,
				C9363E23135807B000941D8A /* Release */,
			);
			defaultConfigurationIsVisible = 0;
			defaultConfigurationName = Release;
		};
/* End XCConfigurationList section */
	};
	rootObject = C9363DD9135807B000941D8A /* Project object */;
}
