// !$*UTF8*$!
{
	archiveVersion = 1;
	classes = {
	};
	objectVersion = 46;
	objects = {

/* Begin PBXBuildFile section */
		48788DC814E598CA00B895AC /* UIKit.framework in Frameworks */ = {isa = PBXBuildFile; fileRef = 48788DC714E598CA00B895AC /* UIKit.framework */; };
		48788DCA14E598CA00B895AC /* Foundation.framework in Frameworks */ = {isa = PBXBuildFile; fileRef = 48788DC914E598CA00B895AC /* Foundation.framework */; };
		48788DCC14E598CA00B895AC /* CoreGraphics.framework in Frameworks */ = {isa = PBXBuildFile; fileRef = 48788DCB14E598CA00B895AC /* CoreGraphics.framework */; };
		48788DD214E598CA00B895AC /* InfoPlist.strings in Resources */ = {isa = PBXBuildFile; fileRef = 48788DD014E598CA00B895AC /* InfoPlist.strings */; };
		48788DD414E598CA00B895AC /* main.m in Sources */ = {isa = PBXBuildFile; fileRef = 48788DD314E598CA00B895AC /* main.m */; };
		48788DD814E598CA00B895AC /* AppDelegate.m in Sources */ = {isa = PBXBuildFile; fileRef = 48788DD714E598CA00B895AC /* AppDelegate.m */; };
		48788DEF14E599A000B895AC /* bottom_button_ipad.png in Resources */ = {isa = PBXBuildFile; fileRef = 48788DE014E599A000B895AC /* bottom_button_ipad.png */; };
		48788DF014E599A000B895AC /* bottom_button_iphone.png in Resources */ = {isa = PBXBuildFile; fileRef = 48788DE114E599A000B895AC /* bottom_button_iphone.png */; };
		48788DF114E599A000B895AC /* Default-Landscape~ipad.png in Resources */ = {isa = PBXBuildFile; fileRef = 48788DE214E599A000B895AC /* Default-Landscape~ipad.png */; };
		48788DF214E599A000B895AC /* Default-Portrait~ipad.png in Resources */ = {isa = PBXBuildFile; fileRef = 48788DE314E599A000B895AC /* Default-Portrait~ipad.png */; };
		48788DF314E599A000B895AC /* Default.png in Resources */ = {isa = PBXBuildFile; fileRef = 48788DE414E599A000B895AC /* Default.png */; };
		48788DF414E599A000B895AC /* Default@2x.png in Resources */ = {isa = PBXBuildFile; fileRef = 48788DE514E599A000B895AC /* Default@2x.png */; };
		48788DF814E599A000B895AC /* ipad_bg.png in Resources */ = {isa = PBXBuildFile; fileRef = 48788DE914E599A000B895AC /* ipad_bg.png */; };
		48788DF914E599A000B895AC /* ipad_loading.png in Resources */ = {isa = PBXBuildFile; fileRef = 48788DEA14E599A000B895AC /* ipad_loading.png */; };
		48788DFA14E599A000B895AC /* ipad_screen.png in Resources */ = {isa = PBXBuildFile; fileRef = 48788DEB14E599A000B895AC /* ipad_screen.png */; };
		48788DFB14E599A000B895AC /* iphone_bg.png in Resources */ = {isa = PBXBuildFile; fileRef = 48788DEC14E599A000B895AC /* iphone_bg.png */; };
		48788DFC14E599A000B895AC /* iphone_loading.png in Resources */ = {isa = PBXBuildFile; fileRef = 48788DED14E599A000B895AC /* iphone_loading.png */; };
		48788DFD14E599A000B895AC /* iphone_screen.png in Resources */ = {isa = PBXBuildFile; fileRef = 48788DEE14E599A000B895AC /* iphone_screen.png */; };
		48788E0214E599A600B895AC /* btn_vic_home.png in Resources */ = {isa = PBXBuildFile; fileRef = 48788DFE14E599A600B895AC /* btn_vic_home.png */; };
		48788E0314E599A600B895AC /* btn_vic_home@2x.png in Resources */ = {isa = PBXBuildFile; fileRef = 48788DFF14E599A600B895AC /* btn_vic_home@2x.png */; };
		48788E0414E599A600B895AC /* btn_vic_postcard.png in Resources */ = {isa = PBXBuildFile; fileRef = 48788E0014E599A600B895AC /* btn_vic_postcard.png */; };
		48788E0514E599A600B895AC /* btn_vic_postcard@2x.png in Resources */ = {isa = PBXBuildFile; fileRef = 48788E0114E599A600B895AC /* btn_vic_postcard@2x.png */; };
		48788E7014E5A13200B895AC /* libPCOTR SDK.a in Frameworks */ = {isa = PBXBuildFile; fileRef = 48788E0D14E5A13200B895AC /* libPCOTR SDK.a */; };
		48788E7114E5A13200B895AC /* certificate.der in Resources */ = {isa = PBXBuildFile; fileRef = 48788E0F14E5A13200B895AC /* certificate.der */; };
		48788E7214E5A13200B895AC /* PCCropPhotoViewController.xib in Resources */ = {isa = PBXBuildFile; fileRef = 48788E1014E5A13200B895AC /* PCCropPhotoViewController.xib */; };
		48788E7314E5A13200B895AC /* PCCustomRecipientViewController.xib in Resources */ = {isa = PBXBuildFile; fileRef = 48788E1114E5A13200B895AC /* PCCustomRecipientViewController.xib */; };
		48788E7414E5A13200B895AC /* PCGPSMapImageViewController.xib in Resources */ = {isa = PBXBuildFile; fileRef = 48788E1214E5A13200B895AC /* PCGPSMapImageViewController.xib */; };
		48788E7514E5A13200B895AC /* PCMessageViewController.xib in Resources */ = {isa = PBXBuildFile; fileRef = 48788E1314E5A13200B895AC /* PCMessageViewController.xib */; };
		48788E7614E5A13200B895AC /* PCOTR_Accent.png in Resources */ = {isa = PBXBuildFile; fileRef = 48788E1414E5A13200B895AC /* PCOTR_Accent.png */; };
		48788E7714E5A13200B895AC /* PCOTR_Accent@2x.png in Resources */ = {isa = PBXBuildFile; fileRef = 48788E1514E5A13200B895AC /* PCOTR_Accent@2x.png */; };
		48788E7814E5A13200B895AC /* PCOTR_AddressBookButton.png in Resources */ = {isa = PBXBuildFile; fileRef = 48788E1614E5A13200B895AC /* PCOTR_AddressBookButton.png */; };
		48788E7914E5A13200B895AC /* PCOTR_AddressBookButton@2x.png in Resources */ = {isa = PBXBuildFile; fileRef = 48788E1714E5A13200B895AC /* PCOTR_AddressBookButton@2x.png */; };
		48788E7A14E5A13200B895AC /* PCOTR_ArrowButton.png in Resources */ = {isa = PBXBuildFile; fileRef = 48788E1814E5A13200B895AC /* PCOTR_ArrowButton.png */; };
		48788E7B14E5A13200B895AC /* PCOTR_ArrowButton@2x.png in Resources */ = {isa = PBXBuildFile; fileRef = 48788E1914E5A13200B895AC /* PCOTR_ArrowButton@2x.png */; };
		48788E7C14E5A13200B895AC /* PCOTR_Background.png in Resources */ = {isa = PBXBuildFile; fileRef = 48788E1A14E5A13200B895AC /* PCOTR_Background.png */; };
		48788E7D14E5A13200B895AC /* PCOTR_Background@x2.png in Resources */ = {isa = PBXBuildFile; fileRef = 48788E1B14E5A13200B895AC /* PCOTR_Background@x2.png */; };
		48788E7E14E5A13200B895AC /* PCOTR_Button.png in Resources */ = {isa = PBXBuildFile; fileRef = 48788E1C14E5A13200B895AC /* PCOTR_Button.png */; };
		48788E7F14E5A13200B895AC /* PCOTR_Button@2x.png in Resources */ = {isa = PBXBuildFile; fileRef = 48788E1D14E5A13200B895AC /* PCOTR_Button@2x.png */; };
		48788E8014E5A13200B895AC /* PCOTR_CardBack.png in Resources */ = {isa = PBXBuildFile; fileRef = 48788E1E14E5A13200B895AC /* PCOTR_CardBack.png */; };
		48788E8114E5A13200B895AC /* PCOTR_ContactsBackground.png in Resources */ = {isa = PBXBuildFile; fileRef = 48788E1F14E5A13200B895AC /* PCOTR_ContactsBackground.png */; };
		48788E8214E5A13200B895AC /* PCOTR_ContactsBackground@2x.png in Resources */ = {isa = PBXBuildFile; fileRef = 48788E2014E5A13200B895AC /* PCOTR_ContactsBackground@2x.png */; };
		48788E8314E5A13200B895AC /* PCOTR_CreditCards.png in Resources */ = {isa = PBXBuildFile; fileRef = 48788E2114E5A13200B895AC /* PCOTR_CreditCards.png */; };
		48788E8414E5A13200B895AC /* PCOTR_CreditCards@2x.png in Resources */ = {isa = PBXBuildFile; fileRef = 48788E2214E5A13200B895AC /* PCOTR_CreditCards@2x.png */; };
		48788E8514E5A13200B895AC /* PCOTR_CropPhotoCoachnote.png in Resources */ = {isa = PBXBuildFile; fileRef = 48788E2314E5A13200B895AC /* PCOTR_CropPhotoCoachnote.png */; };
		48788E8614E5A13200B895AC /* PCOTR_CropPhotoCoachnote@2x.png in Resources */ = {isa = PBXBuildFile; fileRef = 48788E2414E5A13200B895AC /* PCOTR_CropPhotoCoachnote@2x.png */; };
		48788E8714E5A13200B895AC /* PCOTR_DarkBackground.png in Resources */ = {isa = PBXBuildFile; fileRef = 48788E2514E5A13200B895AC /* PCOTR_DarkBackground.png */; };
		48788E8814E5A13200B895AC /* PCOTR_DarkBackground@2x.png in Resources */ = {isa = PBXBuildFile; fileRef = 48788E2614E5A13200B895AC /* PCOTR_DarkBackground@2x.png */; };
		48788E8914E5A13200B895AC /* PCOTR_DoneDown.png in Resources */ = {isa = PBXBuildFile; fileRef = 48788E2714E5A13200B895AC /* PCOTR_DoneDown.png */; };
		48788E8A14E5A13200B895AC /* PCOTR_DoneUp.png in Resources */ = {isa = PBXBuildFile; fileRef = 48788E2814E5A13200B895AC /* PCOTR_DoneUp.png */; };
		48788E8B14E5A13200B895AC /* PCOTR_GroupsButton.png in Resources */ = {isa = PBXBuildFile; fileRef = 48788E2914E5A13200B895AC /* PCOTR_GroupsButton.png */; };
		48788E8C14E5A13200B895AC /* PCOTR_GroupsButton@2x.png in Resources */ = {isa = PBXBuildFile; fileRef = 48788E2A14E5A13200B895AC /* PCOTR_GroupsButton@2x.png */; };
		48788E8D14E5A13200B895AC /* PCOTR_ImageTile.png in Resources */ = {isa = PBXBuildFile; fileRef = 48788E2B14E5A13200B895AC /* PCOTR_ImageTile.png */; };
		48788E8E14E5A13200B895AC /* PCOTR_Lock.png in Resources */ = {isa = PBXBuildFile; fileRef = 48788E2C14E5A13200B895AC /* PCOTR_Lock.png */; };
		48788E8F14E5A13200B895AC /* PCOTR_Lock@2x.png in Resources */ = {isa = PBXBuildFile; fileRef = 48788E2D14E5A13200B895AC /* PCOTR_Lock@2x.png */; };
		48788E9014E5A13200B895AC /* PCOTR_NewContactButton.png in Resources */ = {isa = PBXBuildFile; fileRef = 48788E2E14E5A13200B895AC /* PCOTR_NewContactButton.png */; };
		48788E9114E5A13200B895AC /* PCOTR_NewContactButton@2x.png in Resources */ = {isa = PBXBuildFile; fileRef = 48788E2F14E5A13200B895AC /* PCOTR_NewContactButton@2x.png */; };
		48788E9214E5A13200B895AC /* PCOTR_PreviewInstructions.png in Resources */ = {isa = PBXBuildFile; fileRef = 48788E3014E5A13200B895AC /* PCOTR_PreviewInstructions.png */; };
		48788E9314E5A13200B895AC /* PCOTR_PreviewInstructions@2x.png in Resources */ = {isa = PBXBuildFile; fileRef = 48788E3114E5A13200B895AC /* PCOTR_PreviewInstructions@2x.png */; };
		48788E9414E5A13200B895AC /* PCOTR_RecipientsCoachmark.png in Resources */ = {isa = PBXBuildFile; fileRef = 48788E3214E5A13200B895AC /* PCOTR_RecipientsCoachmark.png */; };
		48788E9514E5A13200B895AC /* PCOTR_RecipientsCoachmark@2x.png in Resources */ = {isa = PBXBuildFile; fileRef = 48788E3314E5A13200B895AC /* PCOTR_RecipientsCoachmark@2x.png */; };
		48788E9614E5A13200B895AC /* PCOTR_SenderInfoCoachmark.png in Resources */ = {isa = PBXBuildFile; fileRef = 48788E3414E5A13200B895AC /* PCOTR_SenderInfoCoachmark.png */; };
		48788E9714E5A13200B895AC /* PCOTR_SenderInfoCoachmark@2x.png in Resources */ = {isa = PBXBuildFile; fileRef = 48788E3514E5A13200B895AC /* PCOTR_SenderInfoCoachmark@2x.png */; };
		48788E9814E5A13200B895AC /* PCOTR_Shadow.png in Resources */ = {isa = PBXBuildFile; fileRef = 48788E3614E5A13200B895AC /* PCOTR_Shadow.png */; };
		48788E9914E5A13200B895AC /* PCOTR_SignatureCoachmark.png in Resources */ = {isa = PBXBuildFile; fileRef = 48788E3714E5A13200B895AC /* PCOTR_SignatureCoachmark.png */; };
		48788E9A14E5A13200B895AC /* PCOTR_SignatureCoachmark@2x.png in Resources */ = {isa = PBXBuildFile; fileRef = 48788E3814E5A13200B895AC /* PCOTR_SignatureCoachmark@2x.png */; };
		48788E9B14E5A13200B895AC /* PCOTR_SignaturePad.png in Resources */ = {isa = PBXBuildFile; fileRef = 48788E3914E5A13200B895AC /* PCOTR_SignaturePad.png */; };
		48788E9C14E5A13200B895AC /* PCOTR_SignaturePad@2x.png in Resources */ = {isa = PBXBuildFile; fileRef = 48788E3A14E5A13200B895AC /* PCOTR_SignaturePad@2x.png */; };
		48788E9D14E5A13200B895AC /* PCOTR_ToolbarEmail.png in Resources */ = {isa = PBXBuildFile; fileRef = 48788E3B14E5A13200B895AC /* PCOTR_ToolbarEmail.png */; };
		48788E9E14E5A13200B895AC /* PCOTR_ToolbarMap.png in Resources */ = {isa = PBXBuildFile; fileRef = 48788E3C14E5A13200B895AC /* PCOTR_ToolbarMap.png */; };
		48788E9F14E5A13200B895AC /* PCOTR_ToolbarPhone.png in Resources */ = {isa = PBXBuildFile; fileRef = 48788E3D14E5A13200B895AC /* PCOTR_ToolbarPhone.png */; };
		48788EA014E5A13200B895AC /* PCPaymentViewController.xib in Resources */ = {isa = PBXBuildFile; fileRef = 48788E3E14E5A13200B895AC /* PCPaymentViewController.xib */; };
		48788EA114E5A13200B895AC /* PCPINViewController.xib in Resources */ = {isa = PBXBuildFile; fileRef = 48788E3F14E5A13200B895AC /* PCPINViewController.xib */; };
		48788EA214E5A13200B895AC /* PCPreviewViewController.xib in Resources */ = {isa = PBXBuildFile; fileRef = 48788E4014E5A13200B895AC /* PCPreviewViewController.xib */; };
		48788EA314E5A13200B895AC /* PCRecipientsViewController.xib in Resources */ = {isa = PBXBuildFile; fileRef = 48788E4114E5A13200B895AC /* PCRecipientsViewController.xib */; };
		48788EA414E5A13200B895AC /* PCSenderInfoViewController.xib in Resources */ = {isa = PBXBuildFile; fileRef = 48788E4214E5A13200B895AC /* PCSenderInfoViewController.xib */; };
		48788EA514E5A13200B895AC /* PCSignaturePadViewController.xib in Resources */ = {isa = PBXBuildFile; fileRef = 48788E4314E5A13200B895AC /* PCSignaturePadViewController.xib */; };
		48788EA614E5A13200B895AC /* PCSmellMailViewController.xib in Resources */ = {isa = PBXBuildFile; fileRef = 48788E4414E5A13200B895AC /* PCSmellMailViewController.xib */; };
		48788EA714E5A13200B895AC /* ASIAuthenticationDialog.m in Sources */ = {isa = PBXBuildFile; fileRef = 48788E4914E5A13200B895AC /* ASIAuthenticationDialog.m */; };
		48788EA814E5A13200B895AC /* ASIDataCompressor.m in Sources */ = {isa = PBXBuildFile; fileRef = 48788E4C14E5A13200B895AC /* ASIDataCompressor.m */; };
		48788EA914E5A13200B895AC /* ASIDataDecompressor.m in Sources */ = {isa = PBXBuildFile; fileRef = 48788E4E14E5A13200B895AC /* ASIDataDecompressor.m */; };
		48788EAA14E5A13200B895AC /* ASIDownloadCache.m in Sources */ = {isa = PBXBuildFile; fileRef = 48788E5014E5A13200B895AC /* ASIDownloadCache.m */; };
		48788EAB14E5A13200B895AC /* ASIFormDataRequest.m in Sources */ = {isa = PBXBuildFile; fileRef = 48788E5214E5A13200B895AC /* ASIFormDataRequest.m */; };
		48788EAC14E5A13200B895AC /* ASIHTTPRequest.m in Sources */ = {isa = PBXBuildFile; fileRef = 48788E5414E5A13200B895AC /* ASIHTTPRequest.m */; };
		48788EAD14E5A13200B895AC /* ASIInputStream.m in Sources */ = {isa = PBXBuildFile; fileRef = 48788E5814E5A13200B895AC /* ASIInputStream.m */; };
		48788EAE14E5A13200B895AC /* ASINetworkQueue.m in Sources */ = {isa = PBXBuildFile; fileRef = 48788E5A14E5A13200B895AC /* ASINetworkQueue.m */; };
		48788EAF14E5A13200B895AC /* Reachability.m in Sources */ = {isa = PBXBuildFile; fileRef = 48788E5D14E5A13200B895AC /* Reachability.m */; };
		48788EB014E5A13200B895AC /* DSActivityView.m in Sources */ = {isa = PBXBuildFile; fileRef = 48788E6014E5A13200B895AC /* DSActivityView.m */; };
		48788EB114E5A13200B895AC /* libFlurryAnalytics.a in Frameworks */ = {isa = PBXBuildFile; fileRef = 48788E6214E5A13200B895AC /* libFlurryAnalytics.a */; };
		48788EB214E5A13200B895AC /* JSONKit.m in Sources */ = {isa = PBXBuildFile; fileRef = 48788E6514E5A13200B895AC /* JSONKit.m */; };
		48788EB314E5A13200B895AC /* UIImage+Alpha.m in Sources */ = {isa = PBXBuildFile; fileRef = 48788E6814E5A13200B895AC /* UIImage+Alpha.m */; };
		48788EB414E5A13200B895AC /* UIImage+Resize.m in Sources */ = {isa = PBXBuildFile; fileRef = 48788E6A14E5A13200B895AC /* UIImage+Resize.m */; };
		48788EB514E5A13200B895AC /* UIImage+RoundedCorner.m in Sources */ = {isa = PBXBuildFile; fileRef = 48788E6C14E5A13200B895AC /* UIImage+RoundedCorner.m */; };
		48788EB614E5A13200B895AC /* WBImage.m in Sources */ = {isa = PBXBuildFile; fileRef = 48788E6F14E5A13200B895AC /* WBImage.m */; };
		48788EB814E5A20300B895AC /* MobileCoreServices.framework in Frameworks */ = {isa = PBXBuildFile; fileRef = 48788EB714E5A20300B895AC /* MobileCoreServices.framework */; };
		48788EBA14E5A20B00B895AC /* SystemConfiguration.framework in Frameworks */ = {isa = PBXBuildFile; fileRef = 48788EB914E5A20B00B895AC /* SystemConfiguration.framework */; };
		48788EBC14E5A21300B895AC /* CFNetwork.framework in Frameworks */ = {isa = PBXBuildFile; fileRef = 48788EBB14E5A21300B895AC /* CFNetwork.framework */; };
		48788EBF14E5A21E00B895AC /* AddressBook.framework in Frameworks */ = {isa = PBXBuildFile; fileRef = 48788EBD14E5A21E00B895AC /* AddressBook.framework */; };
		48788EC014E5A21E00B895AC /* AddressBookUI.framework in Frameworks */ = {isa = PBXBuildFile; fileRef = 48788EBE14E5A21E00B895AC /* AddressBookUI.framework */; };
		48788EC214E5A22900B895AC /* CoreLocation.framework in Frameworks */ = {isa = PBXBuildFile; fileRef = 48788EC114E5A22900B895AC /* CoreLocation.framework */; };
		48788EC414E5A23000B895AC /* Security.framework in Frameworks */ = {isa = PBXBuildFile; fileRef = 48788EC314E5A23000B895AC /* Security.framework */; };
		48788EC614E5A23800B895AC /* libz.dylib in Frameworks */ = {isa = PBXBuildFile; fileRef = 48788EC514E5A23800B895AC /* libz.dylib */; };
		48788ECA14E5A33700B895AC /* HotelRootViewController_iPhone.xib in Resources */ = {isa = PBXBuildFile; fileRef = 48788EC914E5A33600B895AC /* HotelRootViewController_iPhone.xib */; };
		48788ECC14E5A34400B895AC /* HotelRootViewController_iPad.xib in Resources */ = {isa = PBXBuildFile; fileRef = 48788ECB14E5A34400B895AC /* HotelRootViewController_iPad.xib */; };
		48788ECF14E5A4E000B895AC /* HotelRootViewController_iPhone.m in Sources */ = {isa = PBXBuildFile; fileRef = 48788ECE14E5A4E000B895AC /* HotelRootViewController_iPhone.m */; };
		48788ED214E5AC8000B895AC /* HotelRootViewController_iPad.m in Sources */ = {isa = PBXBuildFile; fileRef = 48788ED114E5AC8000B895AC /* HotelRootViewController_iPad.m */; };
		48788EE514E5DE9C00B895AC /* Icon_57.png in Resources */ = {isa = PBXBuildFile; fileRef = 48788EE414E5DE9B00B895AC /* Icon_57.png */; };
		48788EE714E5DEA100B895AC /* Icon_114.png in Resources */ = {isa = PBXBuildFile; fileRef = 48788EE614E5DEA100B895AC /* Icon_114.png */; };
		48788EE914E5DEA800B895AC /* Icon_72.png in Resources */ = {isa = PBXBuildFile; fileRef = 48788EE814E5DEA800B895AC /* Icon_72.png */; };
		488C5D2115004709008C448C /* PostcardInfoViewController.m in Sources */ = {isa = PBXBuildFile; fileRef = 488C5D1F15004709008C448C /* PostcardInfoViewController.m */; };
		488C5D2215004709008C448C /* PostcardInfoViewController.xib in Resources */ = {isa = PBXBuildFile; fileRef = 488C5D2015004709008C448C /* PostcardInfoViewController.xib */; };
		48F1AA1D15017C6000F9A227 /* PostcardInfo@2x.png in Resources */ = {isa = PBXBuildFile; fileRef = 48F1AA1B15017C6000F9A227 /* PostcardInfo@2x.png */; };
		48F1AA1E15017C6000F9A227 /* PostcardInfo.png in Resources */ = {isa = PBXBuildFile; fileRef = 48F1AA1C15017C6000F9A227 /* PostcardInfo.png */; };
/* End PBXBuildFile section */

/* Begin PBXFileReference section */
		48788DC314E598CA00B895AC /* MyViceroy.app */ = {isa = PBXFileReference; explicitFileType = wrapper.application; includeInIndex = 0; path = MyViceroy.app; sourceTree = BUILT_PRODUCTS_DIR; };
		48788DC714E598CA00B895AC /* UIKit.framework */ = {isa = PBXFileReference; lastKnownFileType = wrapper.framework; name = UIKit.framework; path = System/Library/Frameworks/UIKit.framework; sourceTree = SDKROOT; };
		48788DC914E598CA00B895AC /* Foundation.framework */ = {isa = PBXFileReference; lastKnownFileType = wrapper.framework; name = Foundation.framework; path = System/Library/Frameworks/Foundation.framework; sourceTree = SDKROOT; };
		48788DCB14E598CA00B895AC /* CoreGraphics.framework */ = {isa = PBXFileReference; lastKnownFileType = wrapper.framework; name = CoreGraphics.framework; path = System/Library/Frameworks/CoreGraphics.framework; sourceTree = SDKROOT; };
		48788DCF14E598CA00B895AC /* hotel-Info.plist */ = {isa = PBXFileReference; lastKnownFileType = text.plist.xml; path = "hotel-Info.plist"; sourceTree = "<group>"; };
		48788DD114E598CA00B895AC /* en */ = {isa = PBXFileReference; lastKnownFileType = text.plist.strings; name = en; path = en.lproj/InfoPlist.strings; sourceTree = "<group>"; };
		48788DD314E598CA00B895AC /* main.m */ = {isa = PBXFileReference; lastKnownFileType = sourcecode.c.objc; path = main.m; sourceTree = "<group>"; };
		48788DD514E598CA00B895AC /* hotel-Prefix.pch */ = {isa = PBXFileReference; lastKnownFileType = sourcecode.c.h; path = "hotel-Prefix.pch"; sourceTree = "<group>"; };
		48788DD614E598CA00B895AC /* AppDelegate.h */ = {isa = PBXFileReference; lastKnownFileType = sourcecode.c.h; path = AppDelegate.h; sourceTree = "<group>"; };
		48788DD714E598CA00B895AC /* AppDelegate.m */ = {isa = PBXFileReference; lastKnownFileType = sourcecode.c.objc; path = AppDelegate.m; sourceTree = "<group>"; };
		48788DE014E599A000B895AC /* bottom_button_ipad.png */ = {isa = PBXFileReference; lastKnownFileType = image.png; path = bottom_button_ipad.png; sourceTree = "<group>"; };
		48788DE114E599A000B895AC /* bottom_button_iphone.png */ = {isa = PBXFileReference; lastKnownFileType = image.png; path = bottom_button_iphone.png; sourceTree = "<group>"; };
		48788DE214E599A000B895AC /* Default-Landscape~ipad.png */ = {isa = PBXFileReference; lastKnownFileType = image.png; path = "Default-Landscape~ipad.png"; sourceTree = "<group>"; };
		48788DE314E599A000B895AC /* Default-Portrait~ipad.png */ = {isa = PBXFileReference; lastKnownFileType = image.png; path = "Default-Portrait~ipad.png"; sourceTree = "<group>"; };
		48788DE414E599A000B895AC /* Default.png */ = {isa = PBXFileReference; lastKnownFileType = image.png; path = Default.png; sourceTree = "<group>"; };
		48788DE514E599A000B895AC /* Default@2x.png */ = {isa = PBXFileReference; lastKnownFileType = image.png; path = "Default@2x.png"; sourceTree = "<group>"; };
		48788DE914E599A000B895AC /* ipad_bg.png */ = {isa = PBXFileReference; lastKnownFileType = image.png; path = ipad_bg.png; sourceTree = "<group>"; };
		48788DEA14E599A000B895AC /* ipad_loading.png */ = {isa = PBXFileReference; lastKnownFileType = image.png; path = ipad_loading.png; sourceTree = "<group>"; };
		48788DEB14E599A000B895AC /* ipad_screen.png */ = {isa = PBXFileReference; lastKnownFileType = image.png; path = ipad_screen.png; sourceTree = "<group>"; };
		48788DEC14E599A000B895AC /* iphone_bg.png */ = {isa = PBXFileReference; lastKnownFileType = image.png; path = iphone_bg.png; sourceTree = "<group>"; };
		48788DED14E599A000B895AC /* iphone_loading.png */ = {isa = PBXFileReference; lastKnownFileType = image.png; path = iphone_loading.png; sourceTree = "<group>"; };
		48788DEE14E599A000B895AC /* iphone_screen.png */ = {isa = PBXFileReference; lastKnownFileType = image.png; path = iphone_screen.png; sourceTree = "<group>"; };
		48788DFE14E599A600B895AC /* btn_vic_home.png */ = {isa = PBXFileReference; lastKnownFileType = image.png; path = btn_vic_home.png; sourceTree = "<group>"; };
		48788DFF14E599A600B895AC /* btn_vic_home@2x.png */ = {isa = PBXFileReference; lastKnownFileType = image.png; path = "btn_vic_home@2x.png"; sourceTree = "<group>"; };
		48788E0014E599A600B895AC /* btn_vic_postcard.png */ = {isa = PBXFileReference; lastKnownFileType = image.png; path = btn_vic_postcard.png; sourceTree = "<group>"; };
		48788E0114E599A600B895AC /* btn_vic_postcard@2x.png */ = {isa = PBXFileReference; lastKnownFileType = image.png; path = "btn_vic_postcard@2x.png"; sourceTree = "<group>"; };
		48788E0D14E5A13200B895AC /* libPCOTR SDK.a */ = {isa = PBXFileReference; lastKnownFileType = archive.ar; path = "libPCOTR SDK.a"; sourceTree = "<group>"; };
		48788E0F14E5A13200B895AC /* certificate.der */ = {isa = PBXFileReference; lastKnownFileType = file; path = certificate.der; sourceTree = "<group>"; };
		48788E1014E5A13200B895AC /* PCCropPhotoViewController.xib */ = {isa = PBXFileReference; fileEncoding = 4; lastKnownFileType = file.xib; path = PCCropPhotoViewController.xib; sourceTree = "<group>"; };
		48788E1114E5A13200B895AC /* PCCustomRecipientViewController.xib */ = {isa = PBXFileReference; fileEncoding = 4; lastKnownFileType = file.xib; path = PCCustomRecipientViewController.xib; sourceTree = "<group>"; };
		48788E1214E5A13200B895AC /* PCGPSMapImageViewController.xib */ = {isa = PBXFileReference; fileEncoding = 4; lastKnownFileType = file.xib; path = PCGPSMapImageViewController.xib; sourceTree = "<group>"; };
		48788E1314E5A13200B895AC /* PCMessageViewController.xib */ = {isa = PBXFileReference; fileEncoding = 4; lastKnownFileType = file.xib; path = PCMessageViewController.xib; sourceTree = "<group>"; };
		48788E1414E5A13200B895AC /* PCOTR_Accent.png */ = {isa = PBXFileReference; lastKnownFileType = image.png; path = PCOTR_Accent.png; sourceTree = "<group>"; };
		48788E1514E5A13200B895AC /* PCOTR_Accent@2x.png */ = {isa = PBXFileReference; lastKnownFileType = image.png; path = "PCOTR_Accent@2x.png"; sourceTree = "<group>"; };
		48788E1614E5A13200B895AC /* PCOTR_AddressBookButton.png */ = {isa = PBXFileReference; lastKnownFileType = image.png; path = PCOTR_AddressBookButton.png; sourceTree = "<group>"; };
		48788E1714E5A13200B895AC /* PCOTR_AddressBookButton@2x.png */ = {isa = PBXFileReference; lastKnownFileType = image.png; path = "PCOTR_AddressBookButton@2x.png"; sourceTree = "<group>"; };
		48788E1814E5A13200B895AC /* PCOTR_ArrowButton.png */ = {isa = PBXFileReference; lastKnownFileType = image.png; path = PCOTR_ArrowButton.png; sourceTree = "<group>"; };
		48788E1914E5A13200B895AC /* PCOTR_ArrowButton@2x.png */ = {isa = PBXFileReference; lastKnownFileType = image.png; path = "PCOTR_ArrowButton@2x.png"; sourceTree = "<group>"; };
		48788E1A14E5A13200B895AC /* PCOTR_Background.png */ = {isa = PBXFileReference; lastKnownFileType = image.png; path = PCOTR_Background.png; sourceTree = "<group>"; };
		48788E1B14E5A13200B895AC /* PCOTR_Background@x2.png */ = {isa = PBXFileReference; lastKnownFileType = image.png; path = "PCOTR_Background@x2.png"; sourceTree = "<group>"; };
		48788E1C14E5A13200B895AC /* PCOTR_Button.png */ = {isa = PBXFileReference; lastKnownFileType = image.png; path = PCOTR_Button.png; sourceTree = "<group>"; };
		48788E1D14E5A13200B895AC /* PCOTR_Button@2x.png */ = {isa = PBXFileReference; lastKnownFileType = image.png; path = "PCOTR_Button@2x.png"; sourceTree = "<group>"; };
		48788E1E14E5A13200B895AC /* PCOTR_CardBack.png */ = {isa = PBXFileReference; lastKnownFileType = image.png; path = PCOTR_CardBack.png; sourceTree = "<group>"; };
		48788E1F14E5A13200B895AC /* PCOTR_ContactsBackground.png */ = {isa = PBXFileReference; lastKnownFileType = image.png; path = PCOTR_ContactsBackground.png; sourceTree = "<group>"; };
		48788E2014E5A13200B895AC /* PCOTR_ContactsBackground@2x.png */ = {isa = PBXFileReference; lastKnownFileType = image.png; path = "PCOTR_ContactsBackground@2x.png"; sourceTree = "<group>"; };
		48788E2114E5A13200B895AC /* PCOTR_CreditCards.png */ = {isa = PBXFileReference; lastKnownFileType = image.png; path = PCOTR_CreditCards.png; sourceTree = "<group>"; };
		48788E2214E5A13200B895AC /* PCOTR_CreditCards@2x.png */ = {isa = PBXFileReference; lastKnownFileType = image.png; path = "PCOTR_CreditCards@2x.png"; sourceTree = "<group>"; };
		48788E2314E5A13200B895AC /* PCOTR_CropPhotoCoachnote.png */ = {isa = PBXFileReference; lastKnownFileType = image.png; path = PCOTR_CropPhotoCoachnote.png; sourceTree = "<group>"; };
		48788E2414E5A13200B895AC /* PCOTR_CropPhotoCoachnote@2x.png */ = {isa = PBXFileReference; lastKnownFileType = image.png; path = "PCOTR_CropPhotoCoachnote@2x.png"; sourceTree = "<group>"; };
		48788E2514E5A13200B895AC /* PCOTR_DarkBackground.png */ = {isa = PBXFileReference; lastKnownFileType = image.png; path = PCOTR_DarkBackground.png; sourceTree = "<group>"; };
		48788E2614E5A13200B895AC /* PCOTR_DarkBackground@2x.png */ = {isa = PBXFileReference; lastKnownFileType = image.png; path = "PCOTR_DarkBackground@2x.png"; sourceTree = "<group>"; };
		48788E2714E5A13200B895AC /* PCOTR_DoneDown.png */ = {isa = PBXFileReference; lastKnownFileType = image.png; path = PCOTR_DoneDown.png; sourceTree = "<group>"; };
		48788E2814E5A13200B895AC /* PCOTR_DoneUp.png */ = {isa = PBXFileReference; lastKnownFileType = image.png; path = PCOTR_DoneUp.png; sourceTree = "<group>"; };
		48788E2914E5A13200B895AC /* PCOTR_GroupsButton.png */ = {isa = PBXFileReference; lastKnownFileType = image.png; path = PCOTR_GroupsButton.png; sourceTree = "<group>"; };
		48788E2A14E5A13200B895AC /* PCOTR_GroupsButton@2x.png */ = {isa = PBXFileReference; lastKnownFileType = image.png; path = "PCOTR_GroupsButton@2x.png"; sourceTree = "<group>"; };
		48788E2B14E5A13200B895AC /* PCOTR_ImageTile.png */ = {isa = PBXFileReference; lastKnownFileType = image.png; path = PCOTR_ImageTile.png; sourceTree = "<group>"; };
		48788E2C14E5A13200B895AC /* PCOTR_Lock.png */ = {isa = PBXFileReference; lastKnownFileType = image.png; path = PCOTR_Lock.png; sourceTree = "<group>"; };
		48788E2D14E5A13200B895AC /* PCOTR_Lock@2x.png */ = {isa = PBXFileReference; lastKnownFileType = image.png; path = "PCOTR_Lock@2x.png"; sourceTree = "<group>"; };
		48788E2E14E5A13200B895AC /* PCOTR_NewContactButton.png */ = {isa = PBXFileReference; lastKnownFileType = image.png; path = PCOTR_NewContactButton.png; sourceTree = "<group>"; };
		48788E2F14E5A13200B895AC /* PCOTR_NewContactButton@2x.png */ = {isa = PBXFileReference; lastKnownFileType = image.png; path = "PCOTR_NewContactButton@2x.png"; sourceTree = "<group>"; };
		48788E3014E5A13200B895AC /* PCOTR_PreviewInstructions.png */ = {isa = PBXFileReference; lastKnownFileType = image.png; path = PCOTR_PreviewInstructions.png; sourceTree = "<group>"; };
		48788E3114E5A13200B895AC /* PCOTR_PreviewInstructions@2x.png */ = {isa = PBXFileReference; lastKnownFileType = image.png; path = "PCOTR_PreviewInstructions@2x.png"; sourceTree = "<group>"; };
		48788E3214E5A13200B895AC /* PCOTR_RecipientsCoachmark.png */ = {isa = PBXFileReference; lastKnownFileType = image.png; path = PCOTR_RecipientsCoachmark.png; sourceTree = "<group>"; };
		48788E3314E5A13200B895AC /* PCOTR_RecipientsCoachmark@2x.png */ = {isa = PBXFileReference; lastKnownFileType = image.png; path = "PCOTR_RecipientsCoachmark@2x.png"; sourceTree = "<group>"; };
		48788E3414E5A13200B895AC /* PCOTR_SenderInfoCoachmark.png */ = {isa = PBXFileReference; lastKnownFileType = image.png; path = PCOTR_SenderInfoCoachmark.png; sourceTree = "<group>"; };
		48788E3514E5A13200B895AC /* PCOTR_SenderInfoCoachmark@2x.png */ = {isa = PBXFileReference; lastKnownFileType = image.png; path = "PCOTR_SenderInfoCoachmark@2x.png"; sourceTree = "<group>"; };
		48788E3614E5A13200B895AC /* PCOTR_Shadow.png */ = {isa = PBXFileReference; lastKnownFileType = image.png; path = PCOTR_Shadow.png; sourceTree = "<group>"; };
		48788E3714E5A13200B895AC /* PCOTR_SignatureCoachmark.png */ = {isa = PBXFileReference; lastKnownFileType = image.png; path = PCOTR_SignatureCoachmark.png; sourceTree = "<group>"; };
		48788E3814E5A13200B895AC /* PCOTR_SignatureCoachmark@2x.png */ = {isa = PBXFileReference; lastKnownFileType = image.png; path = "PCOTR_SignatureCoachmark@2x.png"; sourceTree = "<group>"; };
		48788E3914E5A13200B895AC /* PCOTR_SignaturePad.png */ = {isa = PBXFileReference; lastKnownFileType = image.png; path = PCOTR_SignaturePad.png; sourceTree = "<group>"; };
		48788E3A14E5A13200B895AC /* PCOTR_SignaturePad@2x.png */ = {isa = PBXFileReference; lastKnownFileType = image.png; path = "PCOTR_SignaturePad@2x.png"; sourceTree = "<group>"; };
		48788E3B14E5A13200B895AC /* PCOTR_ToolbarEmail.png */ = {isa = PBXFileReference; lastKnownFileType = image.png; path = PCOTR_ToolbarEmail.png; sourceTree = "<group>"; };
		48788E3C14E5A13200B895AC /* PCOTR_ToolbarMap.png */ = {isa = PBXFileReference; lastKnownFileType = image.png; path = PCOTR_ToolbarMap.png; sourceTree = "<group>"; };
		48788E3D14E5A13200B895AC /* PCOTR_ToolbarPhone.png */ = {isa = PBXFileReference; lastKnownFileType = image.png; path = PCOTR_ToolbarPhone.png; sourceTree = "<group>"; };
		48788E3E14E5A13200B895AC /* PCPaymentViewController.xib */ = {isa = PBXFileReference; fileEncoding = 4; lastKnownFileType = file.xib; path = PCPaymentViewController.xib; sourceTree = "<group>"; };
		48788E3F14E5A13200B895AC /* PCPINViewController.xib */ = {isa = PBXFileReference; fileEncoding = 4; lastKnownFileType = file.xib; path = PCPINViewController.xib; sourceTree = "<group>"; };
		48788E4014E5A13200B895AC /* PCPreviewViewController.xib */ = {isa = PBXFileReference; fileEncoding = 4; lastKnownFileType = file.xib; path = PCPreviewViewController.xib; sourceTree = "<group>"; };
		48788E4114E5A13200B895AC /* PCRecipientsViewController.xib */ = {isa = PBXFileReference; fileEncoding = 4; lastKnownFileType = file.xib; path = PCRecipientsViewController.xib; sourceTree = "<group>"; };
		48788E4214E5A13200B895AC /* PCSenderInfoViewController.xib */ = {isa = PBXFileReference; fileEncoding = 4; lastKnownFileType = file.xib; path = PCSenderInfoViewController.xib; sourceTree = "<group>"; };
		48788E4314E5A13200B895AC /* PCSignaturePadViewController.xib */ = {isa = PBXFileReference; fileEncoding = 4; lastKnownFileType = file.xib; path = PCSignaturePadViewController.xib; sourceTree = "<group>"; };
		48788E4414E5A13200B895AC /* PCSmellMailViewController.xib */ = {isa = PBXFileReference; fileEncoding = 4; lastKnownFileType = file.xib; path = PCSmellMailViewController.xib; sourceTree = "<group>"; };
		48788E4514E5A13200B895AC /* PCWorkflowController.h */ = {isa = PBXFileReference; fileEncoding = 4; lastKnownFileType = sourcecode.c.h; path = PCWorkflowController.h; sourceTree = "<group>"; };
		48788E4814E5A13200B895AC /* ASIAuthenticationDialog.h */ = {isa = PBXFileReference; fileEncoding = 4; lastKnownFileType = sourcecode.c.h; path = ASIAuthenticationDialog.h; sourceTree = "<group>"; };
		48788E4914E5A13200B895AC /* ASIAuthenticationDialog.m */ = {isa = PBXFileReference; fileEncoding = 4; lastKnownFileType = sourcecode.c.objc; path = ASIAuthenticationDialog.m; sourceTree = "<group>"; };
		48788E4A14E5A13200B895AC /* ASICacheDelegate.h */ = {isa = PBXFileReference; fileEncoding = 4; lastKnownFileType = sourcecode.c.h; path = ASICacheDelegate.h; sourceTree = "<group>"; };
		48788E4B14E5A13200B895AC /* ASIDataCompressor.h */ = {isa = PBXFileReference; fileEncoding = 4; lastKnownFileType = sourcecode.c.h; path = ASIDataCompressor.h; sourceTree = "<group>"; };
		48788E4C14E5A13200B895AC /* ASIDataCompressor.m */ = {isa = PBXFileReference; fileEncoding = 4; lastKnownFileType = sourcecode.c.objc; path = ASIDataCompressor.m; sourceTree = "<group>"; };
		48788E4D14E5A13200B895AC /* ASIDataDecompressor.h */ = {isa = PBXFileReference; fileEncoding = 4; lastKnownFileType = sourcecode.c.h; path = ASIDataDecompressor.h; sourceTree = "<group>"; };
		48788E4E14E5A13200B895AC /* ASIDataDecompressor.m */ = {isa = PBXFileReference; fileEncoding = 4; lastKnownFileType = sourcecode.c.objc; path = ASIDataDecompressor.m; sourceTree = "<group>"; };
		48788E4F14E5A13200B895AC /* ASIDownloadCache.h */ = {isa = PBXFileReference; fileEncoding = 4; lastKnownFileType = sourcecode.c.h; path = ASIDownloadCache.h; sourceTree = "<group>"; };
		48788E5014E5A13200B895AC /* ASIDownloadCache.m */ = {isa = PBXFileReference; fileEncoding = 4; lastKnownFileType = sourcecode.c.objc; path = ASIDownloadCache.m; sourceTree = "<group>"; };
		48788E5114E5A13200B895AC /* ASIFormDataRequest.h */ = {isa = PBXFileReference; fileEncoding = 4; lastKnownFileType = sourcecode.c.h; path = ASIFormDataRequest.h; sourceTree = "<group>"; };
		48788E5214E5A13200B895AC /* ASIFormDataRequest.m */ = {isa = PBXFileReference; fileEncoding = 4; lastKnownFileType = sourcecode.c.objc; path = ASIFormDataRequest.m; sourceTree = "<group>"; };
		48788E5314E5A13200B895AC /* ASIHTTPRequest.h */ = {isa = PBXFileReference; fileEncoding = 4; lastKnownFileType = sourcecode.c.h; path = ASIHTTPRequest.h; sourceTree = "<group>"; };
		48788E5414E5A13200B895AC /* ASIHTTPRequest.m */ = {isa = PBXFileReference; fileEncoding = 4; lastKnownFileType = sourcecode.c.objc; path = ASIHTTPRequest.m; sourceTree = "<group>"; };
		48788E5514E5A13200B895AC /* ASIHTTPRequestConfig.h */ = {isa = PBXFileReference; fileEncoding = 4; lastKnownFileType = sourcecode.c.h; path = ASIHTTPRequestConfig.h; sourceTree = "<group>"; };
		48788E5614E5A13200B895AC /* ASIHTTPRequestDelegate.h */ = {isa = PBXFileReference; fileEncoding = 4; lastKnownFileType = sourcecode.c.h; path = ASIHTTPRequestDelegate.h; sourceTree = "<group>"; };
		48788E5714E5A13200B895AC /* ASIInputStream.h */ = {isa = PBXFileReference; fileEncoding = 4; lastKnownFileType = sourcecode.c.h; path = ASIInputStream.h; sourceTree = "<group>"; };
		48788E5814E5A13200B895AC /* ASIInputStream.m */ = {isa = PBXFileReference; fileEncoding = 4; lastKnownFileType = sourcecode.c.objc; path = ASIInputStream.m; sourceTree = "<group>"; };
		48788E5914E5A13200B895AC /* ASINetworkQueue.h */ = {isa = PBXFileReference; fileEncoding = 4; lastKnownFileType = sourcecode.c.h; path = ASINetworkQueue.h; sourceTree = "<group>"; };
		48788E5A14E5A13200B895AC /* ASINetworkQueue.m */ = {isa = PBXFileReference; fileEncoding = 4; lastKnownFileType = sourcecode.c.objc; path = ASINetworkQueue.m; sourceTree = "<group>"; };
		48788E5B14E5A13200B895AC /* ASIProgressDelegate.h */ = {isa = PBXFileReference; fileEncoding = 4; lastKnownFileType = sourcecode.c.h; path = ASIProgressDelegate.h; sourceTree = "<group>"; };
		48788E5C14E5A13200B895AC /* Reachability.h */ = {isa = PBXFileReference; fileEncoding = 4; lastKnownFileType = sourcecode.c.h; path = Reachability.h; sourceTree = "<group>"; };
		48788E5D14E5A13200B895AC /* Reachability.m */ = {isa = PBXFileReference; fileEncoding = 4; lastKnownFileType = sourcecode.c.objc; path = Reachability.m; sourceTree = "<group>"; };
		48788E5F14E5A13200B895AC /* DSActivityView.h */ = {isa = PBXFileReference; fileEncoding = 4; lastKnownFileType = sourcecode.c.h; path = DSActivityView.h; sourceTree = "<group>"; };
		48788E6014E5A13200B895AC /* DSActivityView.m */ = {isa = PBXFileReference; fileEncoding = 4; lastKnownFileType = sourcecode.c.objc; path = DSActivityView.m; sourceTree = "<group>"; };
		48788E6214E5A13200B895AC /* libFlurryAnalytics.a */ = {isa = PBXFileReference; lastKnownFileType = archive.ar; path = libFlurryAnalytics.a; sourceTree = "<group>"; };
		48788E6414E5A13200B895AC /* JSONKit.h */ = {isa = PBXFileReference; fileEncoding = 4; lastKnownFileType = sourcecode.c.h; path = JSONKit.h; sourceTree = "<group>"; };
		48788E6514E5A13200B895AC /* JSONKit.m */ = {isa = PBXFileReference; fileEncoding = 4; lastKnownFileType = sourcecode.c.objc; path = JSONKit.m; sourceTree = "<group>"; };
		48788E6714E5A13200B895AC /* UIImage+Alpha.h */ = {isa = PBXFileReference; fileEncoding = 4; lastKnownFileType = sourcecode.c.h; path = "UIImage+Alpha.h"; sourceTree = "<group>"; };
		48788E6814E5A13200B895AC /* UIImage+Alpha.m */ = {isa = PBXFileReference; fileEncoding = 4; lastKnownFileType = sourcecode.c.objc; path = "UIImage+Alpha.m"; sourceTree = "<group>"; };
		48788E6914E5A13200B895AC /* UIImage+Resize.h */ = {isa = PBXFileReference; fileEncoding = 4; lastKnownFileType = sourcecode.c.h; path = "UIImage+Resize.h"; sourceTree = "<group>"; };
		48788E6A14E5A13200B895AC /* UIImage+Resize.m */ = {isa = PBXFileReference; fileEncoding = 4; lastKnownFileType = sourcecode.c.objc; path = "UIImage+Resize.m"; sourceTree = "<group>"; };
		48788E6B14E5A13200B895AC /* UIImage+RoundedCorner.h */ = {isa = PBXFileReference; fileEncoding = 4; lastKnownFileType = sourcecode.c.h; path = "UIImage+RoundedCorner.h"; sourceTree = "<group>"; };
		48788E6C14E5A13200B895AC /* UIImage+RoundedCorner.m */ = {isa = PBXFileReference; fileEncoding = 4; lastKnownFileType = sourcecode.c.objc; path = "UIImage+RoundedCorner.m"; sourceTree = "<group>"; };
		48788E6E14E5A13200B895AC /* WBImage.h */ = {isa = PBXFileReference; fileEncoding = 4; lastKnownFileType = sourcecode.c.h; path = WBImage.h; sourceTree = "<group>"; };
		48788E6F14E5A13200B895AC /* WBImage.m */ = {isa = PBXFileReference; fileEncoding = 4; lastKnownFileType = sourcecode.c.objc; path = WBImage.m; sourceTree = "<group>"; };
		48788EB714E5A20300B895AC /* MobileCoreServices.framework */ = {isa = PBXFileReference; lastKnownFileType = wrapper.framework; name = MobileCoreServices.framework; path = System/Library/Frameworks/MobileCoreServices.framework; sourceTree = SDKROOT; };
		48788EB914E5A20B00B895AC /* SystemConfiguration.framework */ = {isa = PBXFileReference; lastKnownFileType = wrapper.framework; name = SystemConfiguration.framework; path = System/Library/Frameworks/SystemConfiguration.framework; sourceTree = SDKROOT; };
		48788EBB14E5A21300B895AC /* CFNetwork.framework */ = {isa = PBXFileReference; lastKnownFileType = wrapper.framework; name = CFNetwork.framework; path = System/Library/Frameworks/CFNetwork.framework; sourceTree = SDKROOT; };
		48788EBD14E5A21E00B895AC /* AddressBook.framework */ = {isa = PBXFileReference; lastKnownFileType = wrapper.framework; name = AddressBook.framework; path = System/Library/Frameworks/AddressBook.framework; sourceTree = SDKROOT; };
		48788EBE14E5A21E00B895AC /* AddressBookUI.framework */ = {isa = PBXFileReference; lastKnownFileType = wrapper.framework; name = AddressBookUI.framework; path = System/Library/Frameworks/AddressBookUI.framework; sourceTree = SDKROOT; };
		48788EC114E5A22900B895AC /* CoreLocation.framework */ = {isa = PBXFileReference; lastKnownFileType = wrapper.framework; name = CoreLocation.framework; path = System/Library/Frameworks/CoreLocation.framework; sourceTree = SDKROOT; };
		48788EC314E5A23000B895AC /* Security.framework */ = {isa = PBXFileReference; lastKnownFileType = wrapper.framework; name = Security.framework; path = System/Library/Frameworks/Security.framework; sourceTree = SDKROOT; };
		48788EC514E5A23800B895AC /* libz.dylib */ = {isa = PBXFileReference; lastKnownFileType = "compiled.mach-o.dylib"; name = libz.dylib; path = usr/lib/libz.dylib; sourceTree = SDKROOT; };
		48788EC914E5A33600B895AC /* HotelRootViewController_iPhone.xib */ = {isa = PBXFileReference; fileEncoding = 4; lastKnownFileType = file.xib; path = HotelRootViewController_iPhone.xib; sourceTree = "<group>"; };
		48788ECB14E5A34400B895AC /* HotelRootViewController_iPad.xib */ = {isa = PBXFileReference; fileEncoding = 4; lastKnownFileType = file.xib; path = HotelRootViewController_iPad.xib; sourceTree = "<group>"; };
		48788ECD14E5A4E000B895AC /* HotelRootViewController_iPhone.h */ = {isa = PBXFileReference; fileEncoding = 4; lastKnownFileType = sourcecode.c.h; path = HotelRootViewController_iPhone.h; sourceTree = "<group>"; };
		48788ECE14E5A4E000B895AC /* HotelRootViewController_iPhone.m */ = {isa = PBXFileReference; fileEncoding = 4; lastKnownFileType = sourcecode.c.objc; path = HotelRootViewController_iPhone.m; sourceTree = "<group>"; };
		48788ED014E5AC8000B895AC /* HotelRootViewController_iPad.h */ = {isa = PBXFileReference; fileEncoding = 4; lastKnownFileType = sourcecode.c.h; path = HotelRootViewController_iPad.h; sourceTree = "<group>"; };
		48788ED114E5AC8000B895AC /* HotelRootViewController_iPad.m */ = {isa = PBXFileReference; fileEncoding = 4; lastKnownFileType = sourcecode.c.objc; path = HotelRootViewController_iPad.m; sourceTree = "<group>"; };
		48788EE414E5DE9B00B895AC /* Icon_57.png */ = {isa = PBXFileReference; lastKnownFileType = image.png; path = Icon_57.png; sourceTree = "<group>"; };
		48788EE614E5DEA100B895AC /* Icon_114.png */ = {isa = PBXFileReference; lastKnownFileType = image.png; path = Icon_114.png; sourceTree = "<group>"; };
		48788EE814E5DEA800B895AC /* Icon_72.png */ = {isa = PBXFileReference; lastKnownFileType = image.png; path = Icon_72.png; sourceTree = "<group>"; };
		488C5D1E15004709008C448C /* PostcardInfoViewController.h */ = {isa = PBXFileReference; fileEncoding = 4; lastKnownFileType = sourcecode.c.h; path = PostcardInfoViewController.h; sourceTree = "<group>"; };
		488C5D1F15004709008C448C /* PostcardInfoViewController.m */ = {isa = PBXFileReference; fileEncoding = 4; lastKnownFileType = sourcecode.c.objc; path = PostcardInfoViewController.m; sourceTree = "<group>"; };
		488C5D2015004709008C448C /* PostcardInfoViewController.xib */ = {isa = PBXFileReference; fileEncoding = 4; lastKnownFileType = file.xib; path = PostcardInfoViewController.xib; sourceTree = "<group>"; };
		48F1AA1B15017C6000F9A227 /* PostcardInfo@2x.png */ = {isa = PBXFileReference; lastKnownFileType = image.png; path = "PostcardInfo@2x.png"; sourceTree = "<group>"; };
		48F1AA1C15017C6000F9A227 /* PostcardInfo.png */ = {isa = PBXFileReference; lastKnownFileType = image.png; path = PostcardInfo.png; sourceTree = "<group>"; };
/* End PBXFileReference section */

/* Begin PBXFrameworksBuildPhase section */
		48788DC014E598CA00B895AC /* Frameworks */ = {
			isa = PBXFrameworksBuildPhase;
			buildActionMask = 2147483647;
			files = (
				48788EC614E5A23800B895AC /* libz.dylib in Frameworks */,
				48788EC414E5A23000B895AC /* Security.framework in Frameworks */,
				48788EC214E5A22900B895AC /* CoreLocation.framework in Frameworks */,
				48788EBF14E5A21E00B895AC /* AddressBook.framework in Frameworks */,
				48788EC014E5A21E00B895AC /* AddressBookUI.framework in Frameworks */,
				48788EBC14E5A21300B895AC /* CFNetwork.framework in Frameworks */,
				48788EBA14E5A20B00B895AC /* SystemConfiguration.framework in Frameworks */,
				48788EB814E5A20300B895AC /* MobileCoreServices.framework in Frameworks */,
				48788DC814E598CA00B895AC /* UIKit.framework in Frameworks */,
				48788DCA14E598CA00B895AC /* Foundation.framework in Frameworks */,
				48788DCC14E598CA00B895AC /* CoreGraphics.framework in Frameworks */,
				48788E7014E5A13200B895AC /* libPCOTR SDK.a in Frameworks */,
				48788EB114E5A13200B895AC /* libFlurryAnalytics.a in Frameworks */,
			);
			runOnlyForDeploymentPostprocessing = 0;
		};
/* End PBXFrameworksBuildPhase section */

/* Begin PBXGroup section */
		48788DB814E598CA00B895AC = {
			isa = PBXGroup;
			children = (
				48788EE814E5DEA800B895AC /* Icon_72.png */,
				48788EE614E5DEA100B895AC /* Icon_114.png */,
				48788EE414E5DE9B00B895AC /* Icon_57.png */,
				48788DCD14E598CA00B895AC /* Hotel */,
				48788DDE14E598F500B895AC /* POTR */,
				48788DC614E598CA00B895AC /* Frameworks */,
				48788DC414E598CA00B895AC /* Products */,
			);
			sourceTree = "<group>";
		};
		48788DC414E598CA00B895AC /* Products */ = {
			isa = PBXGroup;
			children = (
				48788DC314E598CA00B895AC /* MyViceroy.app */,
			);
			name = Products;
			sourceTree = "<group>";
		};
		48788DC614E598CA00B895AC /* Frameworks */ = {
			isa = PBXGroup;
			children = (
				48788EC514E5A23800B895AC /* libz.dylib */,
				48788EC314E5A23000B895AC /* Security.framework */,
				48788EC114E5A22900B895AC /* CoreLocation.framework */,
				48788EBD14E5A21E00B895AC /* AddressBook.framework */,
				48788EBE14E5A21E00B895AC /* AddressBookUI.framework */,
				48788EBB14E5A21300B895AC /* CFNetwork.framework */,
				48788EB914E5A20B00B895AC /* SystemConfiguration.framework */,
				48788EB714E5A20300B895AC /* MobileCoreServices.framework */,
				48788DC714E598CA00B895AC /* UIKit.framework */,
				48788DC914E598CA00B895AC /* Foundation.framework */,
				48788DCB14E598CA00B895AC /* CoreGraphics.framework */,
			);
			name = Frameworks;
			sourceTree = "<group>";
		};
		48788DCD14E598CA00B895AC /* Hotel */ = {
			isa = PBXGroup;
			children = (
				48788DD614E598CA00B895AC /* AppDelegate.h */,
				48788DD714E598CA00B895AC /* AppDelegate.m */,
				48788EC814E5A28500B895AC /* iPad */,
				48788EC714E5A27E00B895AC /* iPhone */,
				48788DCE14E598CA00B895AC /* Supporting Files */,
			);
			name = Hotel;
			path = hotel;
			sourceTree = "<group>";
		};
		48788DCE14E598CA00B895AC /* Supporting Files */ = {
			isa = PBXGroup;
			children = (
				48788DDF14E5997B00B895AC /* Images */,
				48788DCF14E598CA00B895AC /* hotel-Info.plist */,
				48788DD014E598CA00B895AC /* InfoPlist.strings */,
				48788DD314E598CA00B895AC /* main.m */,
				48788DD514E598CA00B895AC /* hotel-Prefix.pch */,
			);
			name = "Supporting Files";
			sourceTree = "<group>";
		};
		48788DDE14E598F500B895AC /* POTR */ = {
			isa = PBXGroup;
			children = (
				48788E0D14E5A13200B895AC /* libPCOTR SDK.a */,
				48788E0E14E5A13200B895AC /* res */,
				48788E4614E5A13200B895AC /* ThirdParty */,
			);
			name = POTR;
			sourceTree = "<group>";
		};
		48788DDF14E5997B00B895AC /* Images */ = {
			isa = PBXGroup;
			children = (
				48F1AA1B15017C6000F9A227 /* PostcardInfo@2x.png */,
				48F1AA1C15017C6000F9A227 /* PostcardInfo.png */,
				48788DFE14E599A600B895AC /* btn_vic_home.png */,
				48788DFF14E599A600B895AC /* btn_vic_home@2x.png */,
				48788E0014E599A600B895AC /* btn_vic_postcard.png */,
				48788E0114E599A600B895AC /* btn_vic_postcard@2x.png */,
				48788DE014E599A000B895AC /* bottom_button_ipad.png */,
				48788DE114E599A000B895AC /* bottom_button_iphone.png */,
				48788DE214E599A000B895AC /* Default-Landscape~ipad.png */,
				48788DE314E599A000B895AC /* Default-Portrait~ipad.png */,
				48788DE414E599A000B895AC /* Default.png */,
				48788DE514E599A000B895AC /* Default@2x.png */,
				48788DE914E599A000B895AC /* ipad_bg.png */,
				48788DEA14E599A000B895AC /* ipad_loading.png */,
				48788DEB14E599A000B895AC /* ipad_screen.png */,
				48788DEC14E599A000B895AC /* iphone_bg.png */,
				48788DED14E599A000B895AC /* iphone_loading.png */,
				48788DEE14E599A000B895AC /* iphone_screen.png */,
			);
			name = Images;
			sourceTree = "<group>";
		};
		48788E0E14E5A13200B895AC /* res */ = {
			isa = PBXGroup;
			children = (
				48788E0F14E5A13200B895AC /* certificate.der */,
				48788E1014E5A13200B895AC /* PCCropPhotoViewController.xib */,
				48788E1114E5A13200B895AC /* PCCustomRecipientViewController.xib */,
				48788E1214E5A13200B895AC /* PCGPSMapImageViewController.xib */,
				48788E1314E5A13200B895AC /* PCMessageViewController.xib */,
				48788E1414E5A13200B895AC /* PCOTR_Accent.png */,
				48788E1514E5A13200B895AC /* PCOTR_Accent@2x.png */,
				48788E1614E5A13200B895AC /* PCOTR_AddressBookButton.png */,
				48788E1714E5A13200B895AC /* PCOTR_AddressBookButton@2x.png */,
				48788E1814E5A13200B895AC /* PCOTR_ArrowButton.png */,
				48788E1914E5A13200B895AC /* PCOTR_ArrowButton@2x.png */,
				48788E1A14E5A13200B895AC /* PCOTR_Background.png */,
				48788E1B14E5A13200B895AC /* PCOTR_Background@x2.png */,
				48788E1C14E5A13200B895AC /* PCOTR_Button.png */,
				48788E1D14E5A13200B895AC /* PCOTR_Button@2x.png */,
				48788E1E14E5A13200B895AC /* PCOTR_CardBack.png */,
				48788E1F14E5A13200B895AC /* PCOTR_ContactsBackground.png */,
				48788E2014E5A13200B895AC /* PCOTR_ContactsBackground@2x.png */,
				48788E2114E5A13200B895AC /* PCOTR_CreditCards.png */,
				48788E2214E5A13200B895AC /* PCOTR_CreditCards@2x.png */,
				48788E2314E5A13200B895AC /* PCOTR_CropPhotoCoachnote.png */,
				48788E2414E5A13200B895AC /* PCOTR_CropPhotoCoachnote@2x.png */,
				48788E2514E5A13200B895AC /* PCOTR_DarkBackground.png */,
				48788E2614E5A13200B895AC /* PCOTR_DarkBackground@2x.png */,
				48788E2714E5A13200B895AC /* PCOTR_DoneDown.png */,
				48788E2814E5A13200B895AC /* PCOTR_DoneUp.png */,
				48788E2914E5A13200B895AC /* PCOTR_GroupsButton.png */,
				48788E2A14E5A13200B895AC /* PCOTR_GroupsButton@2x.png */,
				48788E2B14E5A13200B895AC /* PCOTR_ImageTile.png */,
				48788E2C14E5A13200B895AC /* PCOTR_Lock.png */,
				48788E2D14E5A13200B895AC /* PCOTR_Lock@2x.png */,
				48788E2E14E5A13200B895AC /* PCOTR_NewContactButton.png */,
				48788E2F14E5A13200B895AC /* PCOTR_NewContactButton@2x.png */,
				48788E3014E5A13200B895AC /* PCOTR_PreviewInstructions.png */,
				48788E3114E5A13200B895AC /* PCOTR_PreviewInstructions@2x.png */,
				48788E3214E5A13200B895AC /* PCOTR_RecipientsCoachmark.png */,
				48788E3314E5A13200B895AC /* PCOTR_RecipientsCoachmark@2x.png */,
				48788E3414E5A13200B895AC /* PCOTR_SenderInfoCoachmark.png */,
				48788E3514E5A13200B895AC /* PCOTR_SenderInfoCoachmark@2x.png */,
				48788E3614E5A13200B895AC /* PCOTR_Shadow.png */,
				48788E3714E5A13200B895AC /* PCOTR_SignatureCoachmark.png */,
				48788E3814E5A13200B895AC /* PCOTR_SignatureCoachmark@2x.png */,
				48788E3914E5A13200B895AC /* PCOTR_SignaturePad.png */,
				48788E3A14E5A13200B895AC /* PCOTR_SignaturePad@2x.png */,
				48788E3B14E5A13200B895AC /* PCOTR_ToolbarEmail.png */,
				48788E3C14E5A13200B895AC /* PCOTR_ToolbarMap.png */,
				48788E3D14E5A13200B895AC /* PCOTR_ToolbarPhone.png */,
				48788E3E14E5A13200B895AC /* PCPaymentViewController.xib */,
				48788E3F14E5A13200B895AC /* PCPINViewController.xib */,
				48788E4014E5A13200B895AC /* PCPreviewViewController.xib */,
				48788E4114E5A13200B895AC /* PCRecipientsViewController.xib */,
				48788E4214E5A13200B895AC /* PCSenderInfoViewController.xib */,
				48788E4314E5A13200B895AC /* PCSignaturePadViewController.xib */,
				48788E4414E5A13200B895AC /* PCSmellMailViewController.xib */,
				48788E4514E5A13200B895AC /* PCWorkflowController.h */,
			);
			path = res;
			sourceTree = "<group>";
		};
		48788E4614E5A13200B895AC /* ThirdParty */ = {
			isa = PBXGroup;
			children = (
				48788E4714E5A13200B895AC /* ASI */,
				48788E5E14E5A13200B895AC /* DSActivityView */,
				48788E6114E5A13200B895AC /* Flurry */,
				48788E6314E5A13200B895AC /* JSONKit */,
				48788E6614E5A13200B895AC /* UIImage+Resize */,
				48788E6D14E5A13200B895AC /* WBImage */,
			);
			path = ThirdParty;
			sourceTree = "<group>";
		};
		48788E4714E5A13200B895AC /* ASI */ = {
			isa = PBXGroup;
			children = (
				48788E4814E5A13200B895AC /* ASIAuthenticationDialog.h */,
				48788E4914E5A13200B895AC /* ASIAuthenticationDialog.m */,
				48788E4A14E5A13200B895AC /* ASICacheDelegate.h */,
				48788E4B14E5A13200B895AC /* ASIDataCompressor.h */,
				48788E4C14E5A13200B895AC /* ASIDataCompressor.m */,
				48788E4D14E5A13200B895AC /* ASIDataDecompressor.h */,
				48788E4E14E5A13200B895AC /* ASIDataDecompressor.m */,
				48788E4F14E5A13200B895AC /* ASIDownloadCache.h */,
				48788E5014E5A13200B895AC /* ASIDownloadCache.m */,
				48788E5114E5A13200B895AC /* ASIFormDataRequest.h */,
				48788E5214E5A13200B895AC /* ASIFormDataRequest.m */,
				48788E5314E5A13200B895AC /* ASIHTTPRequest.h */,
				48788E5414E5A13200B895AC /* ASIHTTPRequest.m */,
				48788E5514E5A13200B895AC /* ASIHTTPRequestConfig.h */,
				48788E5614E5A13200B895AC /* ASIHTTPRequestDelegate.h */,
				48788E5714E5A13200B895AC /* ASIInputStream.h */,
				48788E5814E5A13200B895AC /* ASIInputStream.m */,
				48788E5914E5A13200B895AC /* ASINetworkQueue.h */,
				48788E5A14E5A13200B895AC /* ASINetworkQueue.m */,
				48788E5B14E5A13200B895AC /* ASIProgressDelegate.h */,
				48788E5C14E5A13200B895AC /* Reachability.h */,
				48788E5D14E5A13200B895AC /* Reachability.m */,
			);
			path = ASI;
			sourceTree = "<group>";
		};
		48788E5E14E5A13200B895AC /* DSActivityView */ = {
			isa = PBXGroup;
			children = (
				48788E5F14E5A13200B895AC /* DSActivityView.h */,
				48788E6014E5A13200B895AC /* DSActivityView.m */,
			);
			path = DSActivityView;
			sourceTree = "<group>";
		};
		48788E6114E5A13200B895AC /* Flurry */ = {
			isa = PBXGroup;
			children = (
				48788E6214E5A13200B895AC /* libFlurryAnalytics.a */,
			);
			path = Flurry;
			sourceTree = "<group>";
		};
		48788E6314E5A13200B895AC /* JSONKit */ = {
			isa = PBXGroup;
			children = (
				48788E6414E5A13200B895AC /* JSONKit.h */,
				48788E6514E5A13200B895AC /* JSONKit.m */,
			);
			path = JSONKit;
			sourceTree = "<group>";
		};
		48788E6614E5A13200B895AC /* UIImage+Resize */ = {
			isa = PBXGroup;
			children = (
				48788E6714E5A13200B895AC /* UIImage+Alpha.h */,
				48788E6814E5A13200B895AC /* UIImage+Alpha.m */,
				48788E6914E5A13200B895AC /* UIImage+Resize.h */,
				48788E6A14E5A13200B895AC /* UIImage+Resize.m */,
				48788E6B14E5A13200B895AC /* UIImage+RoundedCorner.h */,
				48788E6C14E5A13200B895AC /* UIImage+RoundedCorner.m */,
			);
			path = "UIImage+Resize";
			sourceTree = "<group>";
		};
		48788E6D14E5A13200B895AC /* WBImage */ = {
			isa = PBXGroup;
			children = (
				48788E6E14E5A13200B895AC /* WBImage.h */,
				48788E6F14E5A13200B895AC /* WBImage.m */,
			);
			path = WBImage;
			sourceTree = "<group>";
		};
		48788EC714E5A27E00B895AC /* iPhone */ = {
			isa = PBXGroup;
			children = (
				48788EC914E5A33600B895AC /* HotelRootViewController_iPhone.xib */,
				48788ECD14E5A4E000B895AC /* HotelRootViewController_iPhone.h */,
				48788ECE14E5A4E000B895AC /* HotelRootViewController_iPhone.m */,
				488C5D2015004709008C448C /* PostcardInfoViewController.xib */,
				488C5D1E15004709008C448C /* PostcardInfoViewController.h */,
				488C5D1F15004709008C448C /* PostcardInfoViewController.m */,
			);
			name = iPhone;
			path = ..;
			sourceTree = "<group>";
		};
		48788EC814E5A28500B895AC /* iPad */ = {
			isa = PBXGroup;
			children = (
				48788ECB14E5A34400B895AC /* HotelRootViewController_iPad.xib */,
				48788ED014E5AC8000B895AC /* HotelRootViewController_iPad.h */,
				48788ED114E5AC8000B895AC /* HotelRootViewController_iPad.m */,
			);
			name = iPad;
			path = ..;
			sourceTree = "<group>";
		};
/* End PBXGroup section */

/* Begin PBXNativeTarget section */
		48788DC214E598CA00B895AC /* hotel */ = {
			isa = PBXNativeTarget;
			buildConfigurationList = 48788DDB14E598CA00B895AC /* Build configuration list for PBXNativeTarget "hotel" */;
			buildPhases = (
				48788DBF14E598CA00B895AC /* Sources */,
				48788DC014E598CA00B895AC /* Frameworks */,
				48788DC114E598CA00B895AC /* Resources */,
			);
			buildRules = (
			);
			dependencies = (
			);
			name = hotel;
			productName = hotel;
			productReference = 48788DC314E598CA00B895AC /* MyViceroy.app */;
			productType = "com.apple.product-type.application";
		};
/* End PBXNativeTarget section */

/* Begin PBXProject section */
		48788DBA14E598CA00B895AC /* Project object */ = {
			isa = PBXProject;
			attributes = {
				LastUpgradeCheck = 0430;
				ORGANIZATIONNAME = "ELC Technologies";
			};
			buildConfigurationList = 48788DBD14E598CA00B895AC /* Build configuration list for PBXProject "hotel" */;
			compatibilityVersion = "Xcode 3.2";
			developmentRegion = English;
			hasScannedForEncodings = 0;
			knownRegions = (
				en,
			);
			mainGroup = 48788DB814E598CA00B895AC;
			productRefGroup = 48788DC414E598CA00B895AC /* Products */;
			projectDirPath = "";
			projectRoot = "";
			targets = (
				48788DC214E598CA00B895AC /* hotel */,
			);
		};
/* End PBXProject section */

/* Begin PBXResourcesBuildPhase section */
		48788DC114E598CA00B895AC /* Resources */ = {
			isa = PBXResourcesBuildPhase;
			buildActionMask = 2147483647;
			files = (
				48788DD214E598CA00B895AC /* InfoPlist.strings in Resources */,
				48788DEF14E599A000B895AC /* bottom_button_ipad.png in Resources */,
				48788DF014E599A000B895AC /* bottom_button_iphone.png in Resources */,
				48788DF114E599A000B895AC /* Default-Landscape~ipad.png in Resources */,
				48788DF214E599A000B895AC /* Default-Portrait~ipad.png in Resources */,
				48788DF314E599A000B895AC /* Default.png in Resources */,
				48788DF414E599A000B895AC /* Default@2x.png in Resources */,
				48788DF814E599A000B895AC /* ipad_bg.png in Resources */,
				48788DF914E599A000B895AC /* ipad_loading.png in Resources */,
				48788DFA14E599A000B895AC /* ipad_screen.png in Resources */,
				48788DFB14E599A000B895AC /* iphone_bg.png in Resources */,
				48788DFC14E599A000B895AC /* iphone_loading.png in Resources */,
				48788DFD14E599A000B895AC /* iphone_screen.png in Resources */,
				48788E0214E599A600B895AC /* btn_vic_home.png in Resources */,
				48788E0314E599A600B895AC /* btn_vic_home@2x.png in Resources */,
				48788E0414E599A600B895AC /* btn_vic_postcard.png in Resources */,
				48788E0514E599A600B895AC /* btn_vic_postcard@2x.png in Resources */,
				48788E7114E5A13200B895AC /* certificate.der in Resources */,
				48788E7214E5A13200B895AC /* PCCropPhotoViewController.xib in Resources */,
				48788E7314E5A13200B895AC /* PCCustomRecipientViewController.xib in Resources */,
				48788E7414E5A13200B895AC /* PCGPSMapImageViewController.xib in Resources */,
				48788E7514E5A13200B895AC /* PCMessageViewController.xib in Resources */,
				48788E7614E5A13200B895AC /* PCOTR_Accent.png in Resources */,
				48788E7714E5A13200B895AC /* PCOTR_Accent@2x.png in Resources */,
				48788E7814E5A13200B895AC /* PCOTR_AddressBookButton.png in Resources */,
				48788E7914E5A13200B895AC /* PCOTR_AddressBookButton@2x.png in Resources */,
				48788E7A14E5A13200B895AC /* PCOTR_ArrowButton.png in Resources */,
				48788E7B14E5A13200B895AC /* PCOTR_ArrowButton@2x.png in Resources */,
				48788E7C14E5A13200B895AC /* PCOTR_Background.png in Resources */,
				48788E7D14E5A13200B895AC /* PCOTR_Background@x2.png in Resources */,
				48788E7E14E5A13200B895AC /* PCOTR_Button.png in Resources */,
				48788E7F14E5A13200B895AC /* PCOTR_Button@2x.png in Resources */,
				48788E8014E5A13200B895AC /* PCOTR_CardBack.png in Resources */,
				48788E8114E5A13200B895AC /* PCOTR_ContactsBackground.png in Resources */,
				48788E8214E5A13200B895AC /* PCOTR_ContactsBackground@2x.png in Resources */,
				48788E8314E5A13200B895AC /* PCOTR_CreditCards.png in Resources */,
				48788E8414E5A13200B895AC /* PCOTR_CreditCards@2x.png in Resources */,
				48788E8514E5A13200B895AC /* PCOTR_CropPhotoCoachnote.png in Resources */,
				48788E8614E5A13200B895AC /* PCOTR_CropPhotoCoachnote@2x.png in Resources */,
				48788E8714E5A13200B895AC /* PCOTR_DarkBackground.png in Resources */,
				48788E8814E5A13200B895AC /* PCOTR_DarkBackground@2x.png in Resources */,
				48788E8914E5A13200B895AC /* PCOTR_DoneDown.png in Resources */,
				48788E8A14E5A13200B895AC /* PCOTR_DoneUp.png in Resources */,
				48788E8B14E5A13200B895AC /* PCOTR_GroupsButton.png in Resources */,
				48788E8C14E5A13200B895AC /* PCOTR_GroupsButton@2x.png in Resources */,
				48788E8D14E5A13200B895AC /* PCOTR_ImageTile.png in Resources */,
				48788E8E14E5A13200B895AC /* PCOTR_Lock.png in Resources */,
				48788E8F14E5A13200B895AC /* PCOTR_Lock@2x.png in Resources */,
				48788E9014E5A13200B895AC /* PCOTR_NewContactButton.png in Resources */,
				48788E9114E5A13200B895AC /* PCOTR_NewContactButton@2x.png in Resources */,
				48788E9214E5A13200B895AC /* PCOTR_PreviewInstructions.png in Resources */,
				48788E9314E5A13200B895AC /* PCOTR_PreviewInstructions@2x.png in Resources */,
				48788E9414E5A13200B895AC /* PCOTR_RecipientsCoachmark.png in Resources */,
				48788E9514E5A13200B895AC /* PCOTR_RecipientsCoachmark@2x.png in Resources */,
				48788E9614E5A13200B895AC /* PCOTR_SenderInfoCoachmark.png in Resources */,
				48788E9714E5A13200B895AC /* PCOTR_SenderInfoCoachmark@2x.png in Resources */,
				48788E9814E5A13200B895AC /* PCOTR_Shadow.png in Resources */,
				48788E9914E5A13200B895AC /* PCOTR_SignatureCoachmark.png in Resources */,
				48788E9A14E5A13200B895AC /* PCOTR_SignatureCoachmark@2x.png in Resources */,
				48788E9B14E5A13200B895AC /* PCOTR_SignaturePad.png in Resources */,
				48788E9C14E5A13200B895AC /* PCOTR_SignaturePad@2x.png in Resources */,
				48788E9D14E5A13200B895AC /* PCOTR_ToolbarEmail.png in Resources */,
				48788E9E14E5A13200B895AC /* PCOTR_ToolbarMap.png in Resources */,
				48788E9F14E5A13200B895AC /* PCOTR_ToolbarPhone.png in Resources */,
				48788EA014E5A13200B895AC /* PCPaymentViewController.xib in Resources */,
				48788EA114E5A13200B895AC /* PCPINViewController.xib in Resources */,
				48788EA214E5A13200B895AC /* PCPreviewViewController.xib in Resources */,
				48788EA314E5A13200B895AC /* PCRecipientsViewController.xib in Resources */,
				48788EA414E5A13200B895AC /* PCSenderInfoViewController.xib in Resources */,
				48788EA514E5A13200B895AC /* PCSignaturePadViewController.xib in Resources */,
				48788EA614E5A13200B895AC /* PCSmellMailViewController.xib in Resources */,
				48788ECA14E5A33700B895AC /* HotelRootViewController_iPhone.xib in Resources */,
				48788ECC14E5A34400B895AC /* HotelRootViewController_iPad.xib in Resources */,
				48788EE514E5DE9C00B895AC /* Icon_57.png in Resources */,
				48788EE714E5DEA100B895AC /* Icon_114.png in Resources */,
				48788EE914E5DEA800B895AC /* Icon_72.png in Resources */,
				488C5D2215004709008C448C /* PostcardInfoViewController.xib in Resources */,
				48F1AA1D15017C6000F9A227 /* PostcardInfo@2x.png in Resources */,
				48F1AA1E15017C6000F9A227 /* PostcardInfo.png in Resources */,
			);
			runOnlyForDeploymentPostprocessing = 0;
		};
/* End PBXResourcesBuildPhase section */

/* Begin PBXSourcesBuildPhase section */
		48788DBF14E598CA00B895AC /* Sources */ = {
			isa = PBXSourcesBuildPhase;
			buildActionMask = 2147483647;
			files = (
				48788DD414E598CA00B895AC /* main.m in Sources */,
				48788DD814E598CA00B895AC /* AppDelegate.m in Sources */,
				48788EA714E5A13200B895AC /* ASIAuthenticationDialog.m in Sources */,
				48788EA814E5A13200B895AC /* ASIDataCompressor.m in Sources */,
				48788EA914E5A13200B895AC /* ASIDataDecompressor.m in Sources */,
				48788EAA14E5A13200B895AC /* ASIDownloadCache.m in Sources */,
				48788EAB14E5A13200B895AC /* ASIFormDataRequest.m in Sources */,
				48788EAC14E5A13200B895AC /* ASIHTTPRequest.m in Sources */,
				48788EAD14E5A13200B895AC /* ASIInputStream.m in Sources */,
				48788EAE14E5A13200B895AC /* ASINetworkQueue.m in Sources */,
				48788EAF14E5A13200B895AC /* Reachability.m in Sources */,
				48788EB014E5A13200B895AC /* DSActivityView.m in Sources */,
				48788EB214E5A13200B895AC /* JSONKit.m in Sources */,
				48788EB314E5A13200B895AC /* UIImage+Alpha.m in Sources */,
				48788EB414E5A13200B895AC /* UIImage+Resize.m in Sources */,
				48788EB514E5A13200B895AC /* UIImage+RoundedCorner.m in Sources */,
				48788EB614E5A13200B895AC /* WBImage.m in Sources */,
				48788ECF14E5A4E000B895AC /* HotelRootViewController_iPhone.m in Sources */,
				48788ED214E5AC8000B895AC /* HotelRootViewController_iPad.m in Sources */,
				488C5D2115004709008C448C /* PostcardInfoViewController.m in Sources */,
			);
			runOnlyForDeploymentPostprocessing = 0;
		};
/* End PBXSourcesBuildPhase section */

/* Begin PBXVariantGroup section */
		48788DD014E598CA00B895AC /* InfoPlist.strings */ = {
			isa = PBXVariantGroup;
			children = (
				48788DD114E598CA00B895AC /* en */,
			);
			name = InfoPlist.strings;
			sourceTree = "<group>";
		};
/* End PBXVariantGroup section */

/* Begin XCBuildConfiguration section */
		48788DD914E598CA00B895AC /* Debug */ = {
			isa = XCBuildConfiguration;
			buildSettings = {
				ALWAYS_SEARCH_USER_PATHS = NO;
				ARCHS = "$(ARCHS_STANDARD_32_BIT)";
				CODE_SIGN_IDENTITY = "iPhone Distribution: Pure Biz Solutions, LLC";
				"CODE_SIGN_IDENTITY[sdk=iphoneos*]" = "iPhone Distribution: Pure Biz Solutions, LLC";
				COMPRESS_PNG_FILES = NO;
				COPY_PHASE_STRIP = NO;
				CURRENT_PROJECT_VERSION = 21;
				GCC_C_LANGUAGE_STANDARD = gnu99;
				GCC_DYNAMIC_NO_PIC = NO;
				GCC_OPTIMIZATION_LEVEL = 0;
				GCC_PREPROCESSOR_DEFINITIONS = (
					"DEBUG=1",
					"$(inherited)",
				);
				GCC_SYMBOLS_PRIVATE_EXTERN = NO;
				GCC_VERSION = com.apple.compilers.llvm.clang.1_0;
				GCC_WARN_ABOUT_MISSING_PROTOTYPES = YES;
				GCC_WARN_ABOUT_RETURN_TYPE = YES;
				GCC_WARN_UNUSED_VARIABLE = YES;
				IPHONEOS_DEPLOYMENT_TARGET = 4.3;
				PROVISIONING_PROFILE = "E28023B0-FE46-40C0-BA87-558FE929A846";
				"PROVISIONING_PROFILE[sdk=iphoneos*]" = "E28023B0-FE46-40C0-BA87-558FE929A846";
				SDKROOT = iphoneos;
				TARGETED_DEVICE_FAMILY = "1,2";
				VERSIONING_SYSTEM = "apple-generic";
			};
			name = Debug;
		};
		48788DDA14E598CA00B895AC /* Release */ = {
			isa = XCBuildConfiguration;
			buildSettings = {
				ALWAYS_SEARCH_USER_PATHS = NO;
				ARCHS = "$(ARCHS_STANDARD_32_BIT)";
				CODE_SIGN_IDENTITY = "iPhone Distribution: Pure Biz Solutions, LLC";
				"CODE_SIGN_IDENTITY[sdk=iphoneos*]" = "iPhone Distribution: Pure Biz Solutions, LLC";
				COMPRESS_PNG_FILES = NO;
				COPY_PHASE_STRIP = YES;
				CURRENT_PROJECT_VERSION = 21;
				GCC_C_LANGUAGE_STANDARD = gnu99;
				GCC_VERSION = com.apple.compilers.llvm.clang.1_0;
				GCC_WARN_ABOUT_MISSING_PROTOTYPES = YES;
				GCC_WARN_ABOUT_RETURN_TYPE = YES;
				GCC_WARN_UNUSED_VARIABLE = YES;
				IPHONEOS_DEPLOYMENT_TARGET = 4.3;
				OTHER_CFLAGS = "-DNS_BLOCK_ASSERTIONS=1";
				PROVISIONING_PROFILE = "E28023B0-FE46-40C0-BA87-558FE929A846";
				"PROVISIONING_PROFILE[sdk=iphoneos*]" = "E28023B0-FE46-40C0-BA87-558FE929A846";
				SDKROOT = iphoneos;
				TARGETED_DEVICE_FAMILY = "1,2";
				VALIDATE_PRODUCT = YES;
				VERSIONING_SYSTEM = "apple-generic";
			};
			name = Release;
		};
		48788DDC14E598CA00B895AC /* Debug */ = {
			isa = XCBuildConfiguration;
			buildSettings = {
				CODE_SIGN_IDENTITY = "iPhone Distribution: Pure Biz Solutions, LLC";
				"CODE_SIGN_IDENTITY[sdk=iphoneos*]" = "iPhone Distribution: Pure Biz Solutions, LLC";
				GCC_PRECOMPILE_PREFIX_HEADER = YES;
				GCC_PREFIX_HEADER = "hotel/hotel-Prefix.pch";
				INFOPLIST_FILE = "hotel/hotel-Info.plist";
				IPHONEOS_DEPLOYMENT_TARGET = 4.3;
				LIBRARY_SEARCH_PATHS = (
					"$(inherited)",
					"\"$(SRCROOT)\"",
					"\"$(SRCROOT)/ThirdParty/Flurry\"",
				);
				PRODUCT_NAME = MyViceroy;
				PROVISIONING_PROFILE = "E28023B0-FE46-40C0-BA87-558FE929A846";
				"PROVISIONING_PROFILE[sdk=iphoneos*]" = "E28023B0-FE46-40C0-BA87-558FE929A846";
				WRAPPER_EXTENSION = app;
			};
			name = Debug;
		};
		48788DDD14E598CA00B895AC /* Release */ = {
			isa = XCBuildConfiguration;
			buildSettings = {
				CODE_SIGN_IDENTITY = "iPhone Distribution: Pure Biz Solutions, LLC";
				"CODE_SIGN_IDENTITY[sdk=iphoneos*]" = "iPhone Distribution: Pure Biz Solutions, LLC";
				GCC_PRECOMPILE_PREFIX_HEADER = YES;
				GCC_PREFIX_HEADER = "hotel/hotel-Prefix.pch";
				INFOPLIST_FILE = "hotel/hotel-Info.plist";
				IPHONEOS_DEPLOYMENT_TARGET = 4.3;
				LIBRARY_SEARCH_PATHS = (
					"$(inherited)",
					"\"$(SRCROOT)\"",
					"\"$(SRCROOT)/ThirdParty/Flurry\"",
				);
				PRODUCT_NAME = MyViceroy;
				PROVISIONING_PROFILE = "E28023B0-FE46-40C0-BA87-558FE929A846";
				"PROVISIONING_PROFILE[sdk=iphoneos*]" = "E28023B0-FE46-40C0-BA87-558FE929A846";
				WRAPPER_EXTENSION = app;
			};
			name = Release;
		};
/* End XCBuildConfiguration section */

/* Begin XCConfigurationList section */
		48788DBD14E598CA00B895AC /* Build configuration list for PBXProject "hotel" */ = {
			isa = XCConfigurationList;
			buildConfigurations = (
				48788DD914E598CA00B895AC /* Debug */,
				48788DDA14E598CA00B895AC /* Release */,
			);
			defaultConfigurationIsVisible = 0;
			defaultConfigurationName = Release;
		};
		48788DDB14E598CA00B895AC /* Build configuration list for PBXNativeTarget "hotel" */ = {
			isa = XCConfigurationList;
			buildConfigurations = (
				48788DDC14E598CA00B895AC /* Debug */,
				48788DDD14E598CA00B895AC /* Release */,
			);
			defaultConfigurationIsVisible = 0;
			defaultConfigurationName = Release;
		};
/* End XCConfigurationList section */
	};
	rootObject = 48788DBA14E598CA00B895AC /* Project object */;
}
